// !$*UTF8*$!
{
	archiveVersion = 1;
	classes = {
	};
	objectVersion = 46;
	objects = {

/* Begin PBXBuildFile section */
		1AC6FB21180E996B004C840B /* libcocos2d Mac.a in Frameworks */ = {isa = PBXBuildFile; fileRef = 1AC6FAF9180E9839004C840B /* libcocos2d Mac.a */; };
		1AC6FB30180E99EB004C840B /* libcocos2d iOS.a in Frameworks */ = {isa = PBXBuildFile; fileRef = 1AC6FB07180E9839004C840B /* libcocos2d iOS.a */; };
		1D60589F0D05DD5A006BFB54 /* Foundation.framework in Frameworks */ = {isa = PBXBuildFile; fileRef = 1D30AB110D05D00D00671497 /* Foundation.framework */; };
		1DF5F4E00D08C38300B7A737 /* UIKit.framework in Frameworks */ = {isa = PBXBuildFile; fileRef = 1DF5F4DF0D08C38300B7A737 /* UIKit.framework */; };
		288765A50DF7441C002DB57D /* CoreGraphics.framework in Frameworks */ = {isa = PBXBuildFile; fileRef = 288765A40DF7441C002DB57D /* CoreGraphics.framework */; };
		352027CD1C40BE8000C7733D /* libiconv.tbd in Frameworks */ = {isa = PBXBuildFile; fileRef = 352027CC1C40BE8000C7733D /* libiconv.tbd */; };
		3564630D1C40A81900629E5E /* audios_bg.mp3 in Resources */ = {isa = PBXBuildFile; fileRef = 356462E91C40A81900629E5E /* audios_bg.mp3 */; };
		3564630E1C40A81900629E5E /* audios_bg.mp3 in Resources */ = {isa = PBXBuildFile; fileRef = 356462E91C40A81900629E5E /* audios_bg.mp3 */; };
		3564630F1C40A81900629E5E /* audios_btn.wav in Resources */ = {isa = PBXBuildFile; fileRef = 356462EA1C40A81900629E5E /* audios_btn.wav */; };
		356463101C40A81900629E5E /* audios_btn.wav in Resources */ = {isa = PBXBuildFile; fileRef = 356462EA1C40A81900629E5E /* audios_btn.wav */; };
		356463111C40A81900629E5E /* audios_complete.mp3 in Resources */ = {isa = PBXBuildFile; fileRef = 356462EB1C40A81900629E5E /* audios_complete.mp3 */; };
		356463121C40A81900629E5E /* audios_complete.mp3 in Resources */ = {isa = PBXBuildFile; fileRef = 356462EB1C40A81900629E5E /* audios_complete.mp3 */; };
		356463131C40A81900629E5E /* audios_eatfish1.mp3 in Resources */ = {isa = PBXBuildFile; fileRef = 356462EC1C40A81900629E5E /* audios_eatfish1.mp3 */; };
		356463141C40A81900629E5E /* audios_eatfish1.mp3 in Resources */ = {isa = PBXBuildFile; fileRef = 356462EC1C40A81900629E5E /* audios_eatfish1.mp3 */; };
		356463151C40A81900629E5E /* audios_eatfish2.mp3 in Resources */ = {isa = PBXBuildFile; fileRef = 356462ED1C40A81900629E5E /* audios_eatfish2.mp3 */; };
		356463161C40A81900629E5E /* audios_eatfish2.mp3 in Resources */ = {isa = PBXBuildFile; fileRef = 356462ED1C40A81900629E5E /* audios_eatfish2.mp3 */; };
		356463171C40A81900629E5E /* audios_eatgold.mp3 in Resources */ = {isa = PBXBuildFile; fileRef = 356462EE1C40A81900629E5E /* audios_eatgold.mp3 */; };
		356463181C40A81900629E5E /* audios_eatgold.mp3 in Resources */ = {isa = PBXBuildFile; fileRef = 356462EE1C40A81900629E5E /* audios_eatgold.mp3 */; };
		356463191C40A81900629E5E /* audios_fishstart.mp3 in Resources */ = {isa = PBXBuildFile; fileRef = 356462EF1C40A81900629E5E /* audios_fishstart.mp3 */; };
		3564631A1C40A81900629E5E /* audios_fishstart.mp3 in Resources */ = {isa = PBXBuildFile; fileRef = 356462EF1C40A81900629E5E /* audios_fishstart.mp3 */; };
		3564631B1C40A81900629E5E /* audios_growth.mp3 in Resources */ = {isa = PBXBuildFile; fileRef = 356462F01C40A81900629E5E /* audios_growth.mp3 */; };
		3564631C1C40A81900629E5E /* audios_growth.mp3 in Resources */ = {isa = PBXBuildFile; fileRef = 356462F01C40A81900629E5E /* audios_growth.mp3 */; };
		3564631D1C40A81900629E5E /* audios_jellyfish.mp3 in Resources */ = {isa = PBXBuildFile; fileRef = 356462F11C40A81900629E5E /* audios_jellyfish.mp3 */; };
		3564631E1C40A81900629E5E /* audios_jellyfish.mp3 in Resources */ = {isa = PBXBuildFile; fileRef = 356462F11C40A81900629E5E /* audios_jellyfish.mp3 */; };
		3564631F1C40A81900629E5E /* audios_playbyeat.mp3 in Resources */ = {isa = PBXBuildFile; fileRef = 356462F21C40A81900629E5E /* audios_playbyeat.mp3 */; };
		356463201C40A81900629E5E /* audios_playbyeat.mp3 in Resources */ = {isa = PBXBuildFile; fileRef = 356462F21C40A81900629E5E /* audios_playbyeat.mp3 */; };
		356463211C40A81900629E5E /* bg1.png in Resources */ = {isa = PBXBuildFile; fileRef = 356462F31C40A81900629E5E /* bg1.png */; };
		356463221C40A81900629E5E /* bg1.png in Resources */ = {isa = PBXBuildFile; fileRef = 356462F31C40A81900629E5E /* bg1.png */; };
		356463231C40A81900629E5E /* bg2.png in Resources */ = {isa = PBXBuildFile; fileRef = 356462F41C40A81900629E5E /* bg2.png */; };
		356463241C40A81900629E5E /* bg2.png in Resources */ = {isa = PBXBuildFile; fileRef = 356462F41C40A81900629E5E /* bg2.png */; };
		356463251C40A81900629E5E /* bg3.png in Resources */ = {isa = PBXBuildFile; fileRef = 356462F51C40A81900629E5E /* bg3.png */; };
		356463261C40A81900629E5E /* bg3.png in Resources */ = {isa = PBXBuildFile; fileRef = 356462F51C40A81900629E5E /* bg3.png */; };
		356463271C40A81900629E5E /* btn1_dw.png in Resources */ = {isa = PBXBuildFile; fileRef = 356462F61C40A81900629E5E /* btn1_dw.png */; };
		356463281C40A81900629E5E /* btn1_dw.png in Resources */ = {isa = PBXBuildFile; fileRef = 356462F61C40A81900629E5E /* btn1_dw.png */; };
		356463291C40A81900629E5E /* btn1_up.png in Resources */ = {isa = PBXBuildFile; fileRef = 356462F71C40A81900629E5E /* btn1_up.png */; };
		3564632A1C40A81900629E5E /* btn1_up.png in Resources */ = {isa = PBXBuildFile; fileRef = 356462F71C40A81900629E5E /* btn1_up.png */; };
		3564632B1C40A81900629E5E /* btn2_dw.png in Resources */ = {isa = PBXBuildFile; fileRef = 356462F81C40A81900629E5E /* btn2_dw.png */; };
		3564632C1C40A81900629E5E /* btn2_dw.png in Resources */ = {isa = PBXBuildFile; fileRef = 356462F81C40A81900629E5E /* btn2_dw.png */; };
		3564632D1C40A81900629E5E /* btn2_up.png in Resources */ = {isa = PBXBuildFile; fileRef = 356462F91C40A81900629E5E /* btn2_up.png */; };
		3564632E1C40A81900629E5E /* btn2_up.png in Resources */ = {isa = PBXBuildFile; fileRef = 356462F91C40A81900629E5E /* btn2_up.png */; };
		3564632F1C40A81900629E5E /* cump.plist in Resources */ = {isa = PBXBuildFile; fileRef = 356462FA1C40A81900629E5E /* cump.plist */; };
		356463301C40A81900629E5E /* cump.plist in Resources */ = {isa = PBXBuildFile; fileRef = 356462FA1C40A81900629E5E /* cump.plist */; };
		356463311C40A81900629E5E /* cump.png in Resources */ = {isa = PBXBuildFile; fileRef = 356462FB1C40A81900629E5E /* cump.png */; };
		356463321C40A81900629E5E /* cump.png in Resources */ = {isa = PBXBuildFile; fileRef = 356462FB1C40A81900629E5E /* cump.png */; };
		356463331C40A81900629E5E /* Default.png in Resources */ = {isa = PBXBuildFile; fileRef = 356462FC1C40A81900629E5E /* Default.png */; };
		356463341C40A81900629E5E /* Default.png in Resources */ = {isa = PBXBuildFile; fileRef = 356462FC1C40A81900629E5E /* Default.png */; };
		356463351C40A81900629E5E /* dialog_bg.png in Resources */ = {isa = PBXBuildFile; fileRef = 356462FD1C40A81900629E5E /* dialog_bg.png */; };
		356463361C40A81900629E5E /* dialog_bg.png in Resources */ = {isa = PBXBuildFile; fileRef = 356462FD1C40A81900629E5E /* dialog_bg.png */; };
		356463371C40A81900629E5E /* dialog_btn_no_1.png in Resources */ = {isa = PBXBuildFile; fileRef = 356462FE1C40A81900629E5E /* dialog_btn_no_1.png */; };
		356463381C40A81900629E5E /* dialog_btn_no_1.png in Resources */ = {isa = PBXBuildFile; fileRef = 356462FE1C40A81900629E5E /* dialog_btn_no_1.png */; };
		356463391C40A81900629E5E /* dialog_btn_no_2.png in Resources */ = {isa = PBXBuildFile; fileRef = 356462FF1C40A81900629E5E /* dialog_btn_no_2.png */; };
		3564633A1C40A81900629E5E /* dialog_btn_no_2.png in Resources */ = {isa = PBXBuildFile; fileRef = 356462FF1C40A81900629E5E /* dialog_btn_no_2.png */; };
		3564633B1C40A81900629E5E /* dialog_btn_yes_1.png in Resources */ = {isa = PBXBuildFile; fileRef = 356463001C40A81900629E5E /* dialog_btn_yes_1.png */; };
		3564633C1C40A81900629E5E /* dialog_btn_yes_1.png in Resources */ = {isa = PBXBuildFile; fileRef = 356463001C40A81900629E5E /* dialog_btn_yes_1.png */; };
		3564633D1C40A81900629E5E /* dialog_btn_yes_2.png in Resources */ = {isa = PBXBuildFile; fileRef = 356463011C40A81900629E5E /* dialog_btn_yes_2.png */; };
		3564633E1C40A81900629E5E /* dialog_btn_yes_2.png in Resources */ = {isa = PBXBuildFile; fileRef = 356463011C40A81900629E5E /* dialog_btn_yes_2.png */; };
		3564633F1C40A81900629E5E /* Fishall.plist in Resources */ = {isa = PBXBuildFile; fileRef = 356463021C40A81900629E5E /* Fishall.plist */; };
		356463401C40A81900629E5E /* Fishall.plist in Resources */ = {isa = PBXBuildFile; fileRef = 356463021C40A81900629E5E /* Fishall.plist */; };
		356463411C40A81900629E5E /* Fishall.png in Resources */ = {isa = PBXBuildFile; fileRef = 356463031C40A81900629E5E /* Fishall.png */; };
		356463421C40A81900629E5E /* Fishall.png in Resources */ = {isa = PBXBuildFile; fileRef = 356463031C40A81900629E5E /* Fishall.png */; };
		356463431C40A81900629E5E /* Fishtales.plist in Resources */ = {isa = PBXBuildFile; fileRef = 356463041C40A81900629E5E /* Fishtales.plist */; };
		356463441C40A81900629E5E /* Fishtales.plist in Resources */ = {isa = PBXBuildFile; fileRef = 356463041C40A81900629E5E /* Fishtales.plist */; };
		356463451C40A81900629E5E /* Fishtales.png in Resources */ = {isa = PBXBuildFile; fileRef = 356463051C40A81900629E5E /* Fishtales.png */; };
		356463461C40A81900629E5E /* Fishtales.png in Resources */ = {isa = PBXBuildFile; fileRef = 356463051C40A81900629E5E /* Fishtales.png */; };
		356463471C40A81900629E5E /* particle_sys_blister.plist in Resources */ = {isa = PBXBuildFile; fileRef = 356463061C40A81900629E5E /* particle_sys_blister.plist */; };
		356463481C40A81900629E5E /* particle_sys_blister.plist in Resources */ = {isa = PBXBuildFile; fileRef = 356463061C40A81900629E5E /* particle_sys_blister.plist */; };
		356463491C40A81900629E5E /* particle_sys_flower.plist in Resources */ = {isa = PBXBuildFile; fileRef = 356463071C40A81900629E5E /* particle_sys_flower.plist */; };
		3564634A1C40A81900629E5E /* particle_sys_flower.plist in Resources */ = {isa = PBXBuildFile; fileRef = 356463071C40A81900629E5E /* particle_sys_flower.plist */; };
		3564634B1C40A81900629E5E /* pause_dw.png in Resources */ = {isa = PBXBuildFile; fileRef = 356463081C40A81900629E5E /* pause_dw.png */; };
		3564634C1C40A81900629E5E /* pause_dw.png in Resources */ = {isa = PBXBuildFile; fileRef = 356463081C40A81900629E5E /* pause_dw.png */; };
		3564634D1C40A81900629E5E /* pause_up.png in Resources */ = {isa = PBXBuildFile; fileRef = 356463091C40A81900629E5E /* pause_up.png */; };
		3564634E1C40A81900629E5E /* pause_up.png in Resources */ = {isa = PBXBuildFile; fileRef = 356463091C40A81900629E5E /* pause_up.png */; };
		3564634F1C40A81900629E5E /* progressk.png in Resources */ = {isa = PBXBuildFile; fileRef = 3564630A1C40A81900629E5E /* progressk.png */; };
		356463501C40A81900629E5E /* progressk.png in Resources */ = {isa = PBXBuildFile; fileRef = 3564630A1C40A81900629E5E /* progressk.png */; };
		356463511C40A81900629E5E /* scene_start_title.png in Resources */ = {isa = PBXBuildFile; fileRef = 3564630B1C40A81900629E5E /* scene_start_title.png */; };
		356463521C40A81900629E5E /* scene_start_title.png in Resources */ = {isa = PBXBuildFile; fileRef = 3564630B1C40A81900629E5E /* scene_start_title.png */; };
		356463531C40A81900629E5E /* test-32.png in Resources */ = {isa = PBXBuildFile; fileRef = 3564630C1C40A81900629E5E /* test-32.png */; };
		356463541C40A81900629E5E /* test-32.png in Resources */ = {isa = PBXBuildFile; fileRef = 3564630C1C40A81900629E5E /* test-32.png */; };
		356463591C40A89000629E5E /* Utility.cpp in Sources */ = {isa = PBXBuildFile; fileRef = 356463571C40A89000629E5E /* Utility.cpp */; };
		3564635A1C40A89000629E5E /* Utility.cpp in Sources */ = {isa = PBXBuildFile; fileRef = 356463571C40A89000629E5E /* Utility.cpp */; };
		356463601C40A8DA00629E5E /* Strings.cpp in Sources */ = {isa = PBXBuildFile; fileRef = 3564635E1C40A8DA00629E5E /* Strings.cpp */; };
		356463611C40A8DA00629E5E /* Strings.cpp in Sources */ = {isa = PBXBuildFile; fileRef = 3564635E1C40A8DA00629E5E /* Strings.cpp */; };
		3564636A1C40A8F500629E5E /* BaseLayer.cpp in Sources */ = {isa = PBXBuildFile; fileRef = 356463621C40A8F500629E5E /* BaseLayer.cpp */; };
		3564636B1C40A8F500629E5E /* BaseLayer.cpp in Sources */ = {isa = PBXBuildFile; fileRef = 356463621C40A8F500629E5E /* BaseLayer.cpp */; };
		3564636C1C40A8F500629E5E /* GameLayer.cpp in Sources */ = {isa = PBXBuildFile; fileRef = 356463641C40A8F500629E5E /* GameLayer.cpp */; };
		3564636D1C40A8F500629E5E /* GameLayer.cpp in Sources */ = {isa = PBXBuildFile; fileRef = 356463641C40A8F500629E5E /* GameLayer.cpp */; };
		3564636E1C40A8F500629E5E /* InitLayer.cpp in Sources */ = {isa = PBXBuildFile; fileRef = 356463661C40A8F500629E5E /* InitLayer.cpp */; };
		3564636F1C40A8F500629E5E /* InitLayer.cpp in Sources */ = {isa = PBXBuildFile; fileRef = 356463661C40A8F500629E5E /* InitLayer.cpp */; };
		356463701C40A8F500629E5E /* StartLayer.cpp in Sources */ = {isa = PBXBuildFile; fileRef = 356463681C40A8F500629E5E /* StartLayer.cpp */; };
		356463711C40A8F500629E5E /* StartLayer.cpp in Sources */ = {isa = PBXBuildFile; fileRef = 356463681C40A8F500629E5E /* StartLayer.cpp */; };
		356463831C40A90700629E5E /* BaseEnemyFishNode.cpp in Sources */ = {isa = PBXBuildFile; fileRef = 356463731C40A90700629E5E /* BaseEnemyFishNode.cpp */; };
		356463841C40A90700629E5E /* BaseEnemyFishNode.cpp in Sources */ = {isa = PBXBuildFile; fileRef = 356463731C40A90700629E5E /* BaseEnemyFishNode.cpp */; };
		356463851C40A90700629E5E /* BaseFishNode.cpp in Sources */ = {isa = PBXBuildFile; fileRef = 356463751C40A90700629E5E /* BaseFishNode.cpp */; };
		356463861C40A90700629E5E /* BaseFishNode.cpp in Sources */ = {isa = PBXBuildFile; fileRef = 356463751C40A90700629E5E /* BaseFishNode.cpp */; };
		356463871C40A90700629E5E /* BaseNode.cpp in Sources */ = {isa = PBXBuildFile; fileRef = 356463771C40A90700629E5E /* BaseNode.cpp */; };
		356463881C40A90700629E5E /* BaseNode.cpp in Sources */ = {isa = PBXBuildFile; fileRef = 356463771C40A90700629E5E /* BaseNode.cpp */; };
		356463891C40A90700629E5E /* DialogNode.cpp in Sources */ = {isa = PBXBuildFile; fileRef = 356463791C40A90700629E5E /* DialogNode.cpp */; };
		3564638A1C40A90700629E5E /* DialogNode.cpp in Sources */ = {isa = PBXBuildFile; fileRef = 356463791C40A90700629E5E /* DialogNode.cpp */; };
		3564638B1C40A90700629E5E /* EnemyFishNode.cpp in Sources */ = {isa = PBXBuildFile; fileRef = 3564637B1C40A90700629E5E /* EnemyFishNode.cpp */; };
		3564638C1C40A90700629E5E /* EnemyFishNode.cpp in Sources */ = {isa = PBXBuildFile; fileRef = 3564637B1C40A90700629E5E /* EnemyFishNode.cpp */; };
		3564638D1C40A90700629E5E /* ItemNode.cpp in Sources */ = {isa = PBXBuildFile; fileRef = 3564637D1C40A90700629E5E /* ItemNode.cpp */; };
		3564638E1C40A90700629E5E /* ItemNode.cpp in Sources */ = {isa = PBXBuildFile; fileRef = 3564637D1C40A90700629E5E /* ItemNode.cpp */; };
		3564638F1C40A90700629E5E /* JellyfishNode.cpp in Sources */ = {isa = PBXBuildFile; fileRef = 3564637F1C40A90700629E5E /* JellyfishNode.cpp */; };
		356463901C40A90700629E5E /* JellyfishNode.cpp in Sources */ = {isa = PBXBuildFile; fileRef = 3564637F1C40A90700629E5E /* JellyfishNode.cpp */; };
		356463911C40A90700629E5E /* PlayerFishNode.cpp in Sources */ = {isa = PBXBuildFile; fileRef = 356463811C40A90700629E5E /* PlayerFishNode.cpp */; };
		356463921C40A90700629E5E /* PlayerFishNode.cpp in Sources */ = {isa = PBXBuildFile; fileRef = 356463811C40A90700629E5E /* PlayerFishNode.cpp */; };
		356463951C40AE4600629E5E /* libiconv.tbd in Frameworks */ = {isa = PBXBuildFile; fileRef = 356463941C40AE4600629E5E /* libiconv.tbd */; };
		3EACC98F19EE6D4300EB3C5E /* res in Resources */ = {isa = PBXBuildFile; fileRef = 3EACC98E19EE6D4300EB3C5E /* res */; };
		3EACC99019EE6D4300EB3C5E /* res in Resources */ = {isa = PBXBuildFile; fileRef = 3EACC98E19EE6D4300EB3C5E /* res */; };
		46880B8819C43A87006E1F66 /* AppDelegate.cpp in Sources */ = {isa = PBXBuildFile; fileRef = 46880B8419C43A87006E1F66 /* AppDelegate.cpp */; };
		46880B8919C43A87006E1F66 /* AppDelegate.cpp in Sources */ = {isa = PBXBuildFile; fileRef = 46880B8419C43A87006E1F66 /* AppDelegate.cpp */; };
		503AE0F817EB97AB00D1A890 /* Icon.icns in Resources */ = {isa = PBXBuildFile; fileRef = 503AE0F617EB97AB00D1A890 /* Icon.icns */; };
		503AE10017EB989F00D1A890 /* AppController.mm in Sources */ = {isa = PBXBuildFile; fileRef = 503AE0FB17EB989F00D1A890 /* AppController.mm */; };
		503AE10117EB989F00D1A890 /* main.m in Sources */ = {isa = PBXBuildFile; fileRef = 503AE0FC17EB989F00D1A890 /* main.m */; };
		503AE10217EB989F00D1A890 /* RootViewController.mm in Sources */ = {isa = PBXBuildFile; fileRef = 503AE0FF17EB989F00D1A890 /* RootViewController.mm */; };
		503AE10517EB98FF00D1A890 /* main.cpp in Sources */ = {isa = PBXBuildFile; fileRef = 503AE10317EB98FF00D1A890 /* main.cpp */; };
		503AE11B17EB9C5A00D1A890 /* IOKit.framework in Frameworks */ = {isa = PBXBuildFile; fileRef = 503AE11A17EB9C5A00D1A890 /* IOKit.framework */; };
		5087E76317EB910900C73F5D /* Foundation.framework in Frameworks */ = {isa = PBXBuildFile; fileRef = 1D30AB110D05D00D00671497 /* Foundation.framework */; };
		5087E76717EB910900C73F5D /* libz.dylib in Frameworks */ = {isa = PBXBuildFile; fileRef = BF170DB412928DE900B8313A /* libz.dylib */; };
		5087E76817EB910900C73F5D /* QuartzCore.framework in Frameworks */ = {isa = PBXBuildFile; fileRef = BF1C47EA1293683800B63C5D /* QuartzCore.framework */; };
		5087E76917EB910900C73F5D /* OpenAL.framework in Frameworks */ = {isa = PBXBuildFile; fileRef = D44C620B132DFF330009C878 /* OpenAL.framework */; };
		5087E76A17EB910900C73F5D /* AVFoundation.framework in Frameworks */ = {isa = PBXBuildFile; fileRef = D44C620D132DFF430009C878 /* AVFoundation.framework */; };
		5087E76B17EB910900C73F5D /* AudioToolbox.framework in Frameworks */ = {isa = PBXBuildFile; fileRef = D44C620F132DFF4E0009C878 /* AudioToolbox.framework */; };
		5087E77D17EB970100C73F5D /* Default-568h@2x.png in Resources */ = {isa = PBXBuildFile; fileRef = 5087E77217EB970100C73F5D /* Default-568h@2x.png */; };
		5087E77E17EB970100C73F5D /* Default.png in Resources */ = {isa = PBXBuildFile; fileRef = 5087E77317EB970100C73F5D /* Default.png */; };
		5087E77F17EB970100C73F5D /* Default@2x.png in Resources */ = {isa = PBXBuildFile; fileRef = 5087E77417EB970100C73F5D /* Default@2x.png */; };
		5087E78017EB970100C73F5D /* Icon-114.png in Resources */ = {isa = PBXBuildFile; fileRef = 5087E77517EB970100C73F5D /* Icon-114.png */; };
		5087E78117EB970100C73F5D /* Icon-120.png in Resources */ = {isa = PBXBuildFile; fileRef = 5087E77617EB970100C73F5D /* Icon-120.png */; };
		5087E78217EB970100C73F5D /* Icon-144.png in Resources */ = {isa = PBXBuildFile; fileRef = 5087E77717EB970100C73F5D /* Icon-144.png */; };
		5087E78317EB970100C73F5D /* Icon-152.png in Resources */ = {isa = PBXBuildFile; fileRef = 5087E77817EB970100C73F5D /* Icon-152.png */; };
		5087E78417EB970100C73F5D /* Icon-57.png in Resources */ = {isa = PBXBuildFile; fileRef = 5087E77917EB970100C73F5D /* Icon-57.png */; };
		5087E78517EB970100C73F5D /* Icon-72.png in Resources */ = {isa = PBXBuildFile; fileRef = 5087E77A17EB970100C73F5D /* Icon-72.png */; };
		5087E78617EB970100C73F5D /* Icon-76.png in Resources */ = {isa = PBXBuildFile; fileRef = 5087E77B17EB970100C73F5D /* Icon-76.png */; };
		5087E78917EB974C00C73F5D /* AppKit.framework in Frameworks */ = {isa = PBXBuildFile; fileRef = 5087E78817EB974C00C73F5D /* AppKit.framework */; };
		5087E78B17EB975400C73F5D /* OpenGL.framework in Frameworks */ = {isa = PBXBuildFile; fileRef = 5087E78A17EB975400C73F5D /* OpenGL.framework */; };
		50EF629617ECD46A001EB2F8 /* Icon-40.png in Resources */ = {isa = PBXBuildFile; fileRef = 50EF629217ECD46A001EB2F8 /* Icon-40.png */; };
		50EF629717ECD46A001EB2F8 /* Icon-58.png in Resources */ = {isa = PBXBuildFile; fileRef = 50EF629317ECD46A001EB2F8 /* Icon-58.png */; };
		50EF629817ECD46A001EB2F8 /* Icon-80.png in Resources */ = {isa = PBXBuildFile; fileRef = 50EF629417ECD46A001EB2F8 /* Icon-80.png */; };
		50EF629917ECD46A001EB2F8 /* Icon-100.png in Resources */ = {isa = PBXBuildFile; fileRef = 50EF629517ECD46A001EB2F8 /* Icon-100.png */; };
		50EF62A217ECD613001EB2F8 /* Icon-29.png in Resources */ = {isa = PBXBuildFile; fileRef = 50EF62A017ECD613001EB2F8 /* Icon-29.png */; };
		50EF62A317ECD613001EB2F8 /* Icon-50.png in Resources */ = {isa = PBXBuildFile; fileRef = 50EF62A117ECD613001EB2F8 /* Icon-50.png */; };
		521A8E6419F0C34300D177D7 /* Default-667h@2x.png in Resources */ = {isa = PBXBuildFile; fileRef = 521A8E6219F0C34300D177D7 /* Default-667h@2x.png */; };
		521A8E6519F0C34300D177D7 /* Default-736h@3x.png in Resources */ = {isa = PBXBuildFile; fileRef = 521A8E6319F0C34300D177D7 /* Default-736h@3x.png */; };
		521A8EA919F11F5000D177D7 /* fonts in Resources */ = {isa = PBXBuildFile; fileRef = 521A8EA819F11F5000D177D7 /* fonts */; };
		521A8EAA19F11F5000D177D7 /* fonts in Resources */ = {isa = PBXBuildFile; fileRef = 521A8EA819F11F5000D177D7 /* fonts */; };
		52B47A471A53D09C004E4C60 /* Security.framework in Frameworks */ = {isa = PBXBuildFile; fileRef = 52B47A461A53D09B004E4C60 /* Security.framework */; };
		8262943E1AAF051F00CB7CF7 /* Security.framework in Frameworks */ = {isa = PBXBuildFile; fileRef = 8262943D1AAF051F00CB7CF7 /* Security.framework */; };
		BF171245129291EC00B8313A /* OpenGLES.framework in Frameworks */ = {isa = PBXBuildFile; fileRef = BF170DB012928DE900B8313A /* OpenGLES.framework */; };
		BF1712471292920000B8313A /* libz.dylib in Frameworks */ = {isa = PBXBuildFile; fileRef = BF170DB412928DE900B8313A /* libz.dylib */; };
		BF1C47F01293687400B63C5D /* QuartzCore.framework in Frameworks */ = {isa = PBXBuildFile; fileRef = BF1C47EA1293683800B63C5D /* QuartzCore.framework */; };
		D44C620C132DFF330009C878 /* OpenAL.framework in Frameworks */ = {isa = PBXBuildFile; fileRef = D44C620B132DFF330009C878 /* OpenAL.framework */; };
		D44C620E132DFF430009C878 /* AVFoundation.framework in Frameworks */ = {isa = PBXBuildFile; fileRef = D44C620D132DFF430009C878 /* AVFoundation.framework */; };
		D44C6210132DFF4E0009C878 /* AudioToolbox.framework in Frameworks */ = {isa = PBXBuildFile; fileRef = D44C620F132DFF4E0009C878 /* AudioToolbox.framework */; };
		D6B0611B1803AB670077942B /* CoreMotion.framework in Frameworks */ = {isa = PBXBuildFile; fileRef = D6B0611A1803AB670077942B /* CoreMotion.framework */; };
/* End PBXBuildFile section */

/* Begin PBXContainerItemProxy section */
		1AC6FAF8180E9839004C840B /* PBXContainerItemProxy */ = {
			isa = PBXContainerItemProxy;
			containerPortal = 1AC6FAE5180E9839004C840B /* cocos2d_libs.xcodeproj */;
			proxyType = 2;
			remoteGlobalIDString = 1551A33F158F2AB200E66CFE;
			remoteInfo = "cocos2dx Mac";
		};
		1AC6FB06180E9839004C840B /* PBXContainerItemProxy */ = {
			isa = PBXContainerItemProxy;
			containerPortal = 1AC6FAE5180E9839004C840B /* cocos2d_libs.xcodeproj */;
			proxyType = 2;
			remoteGlobalIDString = A07A4D641783777C0073F6A7;
			remoteInfo = "cocos2dx iOS";
		};
		1AC6FB15180E9959004C840B /* PBXContainerItemProxy */ = {
			isa = PBXContainerItemProxy;
			containerPortal = 1AC6FAE5180E9839004C840B /* cocos2d_libs.xcodeproj */;
			proxyType = 1;
			remoteGlobalIDString = 1551A33E158F2AB200E66CFE;
			remoteInfo = "cocos2dx Mac";
		};
		1AC6FB24180E99E1004C840B /* PBXContainerItemProxy */ = {
			isa = PBXContainerItemProxy;
			containerPortal = 1AC6FAE5180E9839004C840B /* cocos2d_libs.xcodeproj */;
			proxyType = 1;
			remoteGlobalIDString = A07A4C241783777C0073F6A7;
			remoteInfo = "cocos2dx iOS";
		};
/* End PBXContainerItemProxy section */

/* Begin PBXFileReference section */
		1AC6FAE5180E9839004C840B /* cocos2d_libs.xcodeproj */ = {isa = PBXFileReference; lastKnownFileType = "wrapper.pb-project"; name = cocos2d_libs.xcodeproj; path = ../cocos2d/build/cocos2d_libs.xcodeproj; sourceTree = "<group>"; };
		1ACB3243164770DE00914215 /* libcurl.a */ = {isa = PBXFileReference; lastKnownFileType = archive.ar; name = libcurl.a; path = ../../cocos2dx/platform/third_party/ios/libraries/libcurl.a; sourceTree = "<group>"; };
		1D30AB110D05D00D00671497 /* Foundation.framework */ = {isa = PBXFileReference; lastKnownFileType = wrapper.framework; name = Foundation.framework; path = System/Library/Frameworks/Foundation.framework; sourceTree = SDKROOT; };
		1D6058910D05DD3D006BFB54 /* OzgGameEatFish-mobile.app */ = {isa = PBXFileReference; explicitFileType = wrapper.application; includeInIndex = 0; path = "OzgGameEatFish-mobile.app"; sourceTree = BUILT_PRODUCTS_DIR; };
		1DF5F4DF0D08C38300B7A737 /* UIKit.framework */ = {isa = PBXFileReference; lastKnownFileType = wrapper.framework; name = UIKit.framework; path = System/Library/Frameworks/UIKit.framework; sourceTree = SDKROOT; };
		288765A40DF7441C002DB57D /* CoreGraphics.framework */ = {isa = PBXFileReference; lastKnownFileType = wrapper.framework; name = CoreGraphics.framework; path = System/Library/Frameworks/CoreGraphics.framework; sourceTree = SDKROOT; };
		352027CC1C40BE8000C7733D /* libiconv.tbd */ = {isa = PBXFileReference; lastKnownFileType = "sourcecode.text-based-dylib-definition"; name = libiconv.tbd; path = usr/lib/libiconv.tbd; sourceTree = SDKROOT; };
		356462E91C40A81900629E5E /* audios_bg.mp3 */ = {isa = PBXFileReference; lastKnownFileType = audio.mp3; path = audios_bg.mp3; sourceTree = "<group>"; };
		356462EA1C40A81900629E5E /* audios_btn.wav */ = {isa = PBXFileReference; lastKnownFileType = audio.wav; path = audios_btn.wav; sourceTree = "<group>"; };
		356462EB1C40A81900629E5E /* audios_complete.mp3 */ = {isa = PBXFileReference; lastKnownFileType = audio.mp3; path = audios_complete.mp3; sourceTree = "<group>"; };
		356462EC1C40A81900629E5E /* audios_eatfish1.mp3 */ = {isa = PBXFileReference; lastKnownFileType = audio.mp3; path = audios_eatfish1.mp3; sourceTree = "<group>"; };
		356462ED1C40A81900629E5E /* audios_eatfish2.mp3 */ = {isa = PBXFileReference; lastKnownFileType = audio.mp3; path = audios_eatfish2.mp3; sourceTree = "<group>"; };
		356462EE1C40A81900629E5E /* audios_eatgold.mp3 */ = {isa = PBXFileReference; lastKnownFileType = audio.mp3; path = audios_eatgold.mp3; sourceTree = "<group>"; };
		356462EF1C40A81900629E5E /* audios_fishstart.mp3 */ = {isa = PBXFileReference; lastKnownFileType = audio.mp3; path = audios_fishstart.mp3; sourceTree = "<group>"; };
		356462F01C40A81900629E5E /* audios_growth.mp3 */ = {isa = PBXFileReference; lastKnownFileType = audio.mp3; path = audios_growth.mp3; sourceTree = "<group>"; };
		356462F11C40A81900629E5E /* audios_jellyfish.mp3 */ = {isa = PBXFileReference; lastKnownFileType = audio.mp3; path = audios_jellyfish.mp3; sourceTree = "<group>"; };
		356462F21C40A81900629E5E /* audios_playbyeat.mp3 */ = {isa = PBXFileReference; lastKnownFileType = audio.mp3; path = audios_playbyeat.mp3; sourceTree = "<group>"; };
		356462F31C40A81900629E5E /* bg1.png */ = {isa = PBXFileReference; lastKnownFileType = image.png; path = bg1.png; sourceTree = "<group>"; };
		356462F41C40A81900629E5E /* bg2.png */ = {isa = PBXFileReference; lastKnownFileType = image.png; path = bg2.png; sourceTree = "<group>"; };
		356462F51C40A81900629E5E /* bg3.png */ = {isa = PBXFileReference; lastKnownFileType = image.png; path = bg3.png; sourceTree = "<group>"; };
		356462F61C40A81900629E5E /* btn1_dw.png */ = {isa = PBXFileReference; lastKnownFileType = image.png; path = btn1_dw.png; sourceTree = "<group>"; };
		356462F71C40A81900629E5E /* btn1_up.png */ = {isa = PBXFileReference; lastKnownFileType = image.png; path = btn1_up.png; sourceTree = "<group>"; };
		356462F81C40A81900629E5E /* btn2_dw.png */ = {isa = PBXFileReference; lastKnownFileType = image.png; path = btn2_dw.png; sourceTree = "<group>"; };
		356462F91C40A81900629E5E /* btn2_up.png */ = {isa = PBXFileReference; lastKnownFileType = image.png; path = btn2_up.png; sourceTree = "<group>"; };
		356462FA1C40A81900629E5E /* cump.plist */ = {isa = PBXFileReference; fileEncoding = 4; lastKnownFileType = text.plist.xml; path = cump.plist; sourceTree = "<group>"; };
		356462FB1C40A81900629E5E /* cump.png */ = {isa = PBXFileReference; lastKnownFileType = image.png; path = cump.png; sourceTree = "<group>"; };
		356462FC1C40A81900629E5E /* Default.png */ = {isa = PBXFileReference; lastKnownFileType = image.png; path = Default.png; sourceTree = "<group>"; };
		356462FD1C40A81900629E5E /* dialog_bg.png */ = {isa = PBXFileReference; lastKnownFileType = image.png; path = dialog_bg.png; sourceTree = "<group>"; };
		356462FE1C40A81900629E5E /* dialog_btn_no_1.png */ = {isa = PBXFileReference; lastKnownFileType = image.png; path = dialog_btn_no_1.png; sourceTree = "<group>"; };
		356462FF1C40A81900629E5E /* dialog_btn_no_2.png */ = {isa = PBXFileReference; lastKnownFileType = image.png; path = dialog_btn_no_2.png; sourceTree = "<group>"; };
		356463001C40A81900629E5E /* dialog_btn_yes_1.png */ = {isa = PBXFileReference; lastKnownFileType = image.png; path = dialog_btn_yes_1.png; sourceTree = "<group>"; };
		356463011C40A81900629E5E /* dialog_btn_yes_2.png */ = {isa = PBXFileReference; lastKnownFileType = image.png; path = dialog_btn_yes_2.png; sourceTree = "<group>"; };
		356463021C40A81900629E5E /* Fishall.plist */ = {isa = PBXFileReference; fileEncoding = 4; lastKnownFileType = text.plist.xml; path = Fishall.plist; sourceTree = "<group>"; };
		356463031C40A81900629E5E /* Fishall.png */ = {isa = PBXFileReference; lastKnownFileType = image.png; path = Fishall.png; sourceTree = "<group>"; };
		356463041C40A81900629E5E /* Fishtales.plist */ = {isa = PBXFileReference; fileEncoding = 4; lastKnownFileType = text.plist.xml; path = Fishtales.plist; sourceTree = "<group>"; };
		356463051C40A81900629E5E /* Fishtales.png */ = {isa = PBXFileReference; lastKnownFileType = image.png; path = Fishtales.png; sourceTree = "<group>"; };
		356463061C40A81900629E5E /* particle_sys_blister.plist */ = {isa = PBXFileReference; fileEncoding = 4; lastKnownFileType = text.plist.xml; path = particle_sys_blister.plist; sourceTree = "<group>"; };
		356463071C40A81900629E5E /* particle_sys_flower.plist */ = {isa = PBXFileReference; fileEncoding = 4; lastKnownFileType = text.plist.xml; path = particle_sys_flower.plist; sourceTree = "<group>"; };
		356463081C40A81900629E5E /* pause_dw.png */ = {isa = PBXFileReference; lastKnownFileType = image.png; path = pause_dw.png; sourceTree = "<group>"; };
		356463091C40A81900629E5E /* pause_up.png */ = {isa = PBXFileReference; lastKnownFileType = image.png; path = pause_up.png; sourceTree = "<group>"; };
		3564630A1C40A81900629E5E /* progressk.png */ = {isa = PBXFileReference; lastKnownFileType = image.png; path = progressk.png; sourceTree = "<group>"; };
		3564630B1C40A81900629E5E /* scene_start_title.png */ = {isa = PBXFileReference; lastKnownFileType = image.png; path = scene_start_title.png; sourceTree = "<group>"; };
		3564630C1C40A81900629E5E /* test-32.png */ = {isa = PBXFileReference; lastKnownFileType = image.png; path = "test-32.png"; sourceTree = "<group>"; };
		356463571C40A89000629E5E /* Utility.cpp */ = {isa = PBXFileReference; fileEncoding = 4; lastKnownFileType = sourcecode.cpp.cpp; name = Utility.cpp; path = ozgcc/Utility.cpp; sourceTree = "<group>"; };
		356463581C40A89000629E5E /* Utility.h */ = {isa = PBXFileReference; fileEncoding = 4; lastKnownFileType = sourcecode.c.h; name = Utility.h; path = ozgcc/Utility.h; sourceTree = "<group>"; };
		3564635D1C40A8DA00629E5E /* GameConfig.h */ = {isa = PBXFileReference; fileEncoding = 4; lastKnownFileType = sourcecode.c.h; name = GameConfig.h; path = eatfish/GameConfig.h; sourceTree = "<group>"; };
		3564635E1C40A8DA00629E5E /* Strings.cpp */ = {isa = PBXFileReference; fileEncoding = 4; lastKnownFileType = sourcecode.cpp.cpp; name = Strings.cpp; path = eatfish/Strings.cpp; sourceTree = "<group>"; };
		3564635F1C40A8DA00629E5E /* Strings.h */ = {isa = PBXFileReference; fileEncoding = 4; lastKnownFileType = sourcecode.c.h; name = Strings.h; path = eatfish/Strings.h; sourceTree = "<group>"; };
		356463621C40A8F500629E5E /* BaseLayer.cpp */ = {isa = PBXFileReference; fileEncoding = 4; lastKnownFileType = sourcecode.cpp.cpp; name = BaseLayer.cpp; path = eatfish/scene/BaseLayer.cpp; sourceTree = "<group>"; };
		356463631C40A8F500629E5E /* BaseLayer.h */ = {isa = PBXFileReference; fileEncoding = 4; lastKnownFileType = sourcecode.c.h; name = BaseLayer.h; path = eatfish/scene/BaseLayer.h; sourceTree = "<group>"; };
		356463641C40A8F500629E5E /* GameLayer.cpp */ = {isa = PBXFileReference; fileEncoding = 4; lastKnownFileType = sourcecode.cpp.cpp; name = GameLayer.cpp; path = eatfish/scene/GameLayer.cpp; sourceTree = "<group>"; };
		356463651C40A8F500629E5E /* GameLayer.h */ = {isa = PBXFileReference; fileEncoding = 4; lastKnownFileType = sourcecode.c.h; name = GameLayer.h; path = eatfish/scene/GameLayer.h; sourceTree = "<group>"; };
		356463661C40A8F500629E5E /* InitLayer.cpp */ = {isa = PBXFileReference; fileEncoding = 4; lastKnownFileType = sourcecode.cpp.cpp; name = InitLayer.cpp; path = eatfish/scene/InitLayer.cpp; sourceTree = "<group>"; };
		356463671C40A8F500629E5E /* InitLayer.h */ = {isa = PBXFileReference; fileEncoding = 4; lastKnownFileType = sourcecode.c.h; name = InitLayer.h; path = eatfish/scene/InitLayer.h; sourceTree = "<group>"; };
		356463681C40A8F500629E5E /* StartLayer.cpp */ = {isa = PBXFileReference; fileEncoding = 4; lastKnownFileType = sourcecode.cpp.cpp; name = StartLayer.cpp; path = eatfish/scene/StartLayer.cpp; sourceTree = "<group>"; };
		356463691C40A8F500629E5E /* StartLayer.h */ = {isa = PBXFileReference; fileEncoding = 4; lastKnownFileType = sourcecode.c.h; name = StartLayer.h; path = eatfish/scene/StartLayer.h; sourceTree = "<group>"; };
		356463721C40A90700629E5E /* AnimData.h */ = {isa = PBXFileReference; fileEncoding = 4; lastKnownFileType = sourcecode.c.h; name = AnimData.h; path = eatfish/element/AnimData.h; sourceTree = "<group>"; };
		356463731C40A90700629E5E /* BaseEnemyFishNode.cpp */ = {isa = PBXFileReference; fileEncoding = 4; lastKnownFileType = sourcecode.cpp.cpp; name = BaseEnemyFishNode.cpp; path = eatfish/element/BaseEnemyFishNode.cpp; sourceTree = "<group>"; };
		356463741C40A90700629E5E /* BaseEnemyFishNode.h */ = {isa = PBXFileReference; fileEncoding = 4; lastKnownFileType = sourcecode.c.h; name = BaseEnemyFishNode.h; path = eatfish/element/BaseEnemyFishNode.h; sourceTree = "<group>"; };
		356463751C40A90700629E5E /* BaseFishNode.cpp */ = {isa = PBXFileReference; fileEncoding = 4; lastKnownFileType = sourcecode.cpp.cpp; name = BaseFishNode.cpp; path = eatfish/element/BaseFishNode.cpp; sourceTree = "<group>"; };
		356463761C40A90700629E5E /* BaseFishNode.h */ = {isa = PBXFileReference; fileEncoding = 4; lastKnownFileType = sourcecode.c.h; name = BaseFishNode.h; path = eatfish/element/BaseFishNode.h; sourceTree = "<group>"; };
		356463771C40A90700629E5E /* BaseNode.cpp */ = {isa = PBXFileReference; fileEncoding = 4; lastKnownFileType = sourcecode.cpp.cpp; name = BaseNode.cpp; path = eatfish/element/BaseNode.cpp; sourceTree = "<group>"; };
		356463781C40A90700629E5E /* BaseNode.h */ = {isa = PBXFileReference; fileEncoding = 4; lastKnownFileType = sourcecode.c.h; name = BaseNode.h; path = eatfish/element/BaseNode.h; sourceTree = "<group>"; };
		356463791C40A90700629E5E /* DialogNode.cpp */ = {isa = PBXFileReference; fileEncoding = 4; lastKnownFileType = sourcecode.cpp.cpp; name = DialogNode.cpp; path = eatfish/element/DialogNode.cpp; sourceTree = "<group>"; };
		3564637A1C40A90700629E5E /* DialogNode.h */ = {isa = PBXFileReference; fileEncoding = 4; lastKnownFileType = sourcecode.c.h; name = DialogNode.h; path = eatfish/element/DialogNode.h; sourceTree = "<group>"; };
		3564637B1C40A90700629E5E /* EnemyFishNode.cpp */ = {isa = PBXFileReference; fileEncoding = 4; lastKnownFileType = sourcecode.cpp.cpp; name = EnemyFishNode.cpp; path = eatfish/element/EnemyFishNode.cpp; sourceTree = "<group>"; };
		3564637C1C40A90700629E5E /* EnemyFishNode.h */ = {isa = PBXFileReference; fileEncoding = 4; lastKnownFileType = sourcecode.c.h; name = EnemyFishNode.h; path = eatfish/element/EnemyFishNode.h; sourceTree = "<group>"; };
		3564637D1C40A90700629E5E /* ItemNode.cpp */ = {isa = PBXFileReference; fileEncoding = 4; lastKnownFileType = sourcecode.cpp.cpp; name = ItemNode.cpp; path = eatfish/element/ItemNode.cpp; sourceTree = "<group>"; };
		3564637E1C40A90700629E5E /* ItemNode.h */ = {isa = PBXFileReference; fileEncoding = 4; lastKnownFileType = sourcecode.c.h; name = ItemNode.h; path = eatfish/element/ItemNode.h; sourceTree = "<group>"; };
		3564637F1C40A90700629E5E /* JellyfishNode.cpp */ = {isa = PBXFileReference; fileEncoding = 4; lastKnownFileType = sourcecode.cpp.cpp; name = JellyfishNode.cpp; path = eatfish/element/JellyfishNode.cpp; sourceTree = "<group>"; };
		356463801C40A90700629E5E /* JellyfishNode.h */ = {isa = PBXFileReference; fileEncoding = 4; lastKnownFileType = sourcecode.c.h; name = JellyfishNode.h; path = eatfish/element/JellyfishNode.h; sourceTree = "<group>"; };
		356463811C40A90700629E5E /* PlayerFishNode.cpp */ = {isa = PBXFileReference; fileEncoding = 4; lastKnownFileType = sourcecode.cpp.cpp; name = PlayerFishNode.cpp; path = eatfish/element/PlayerFishNode.cpp; sourceTree = "<group>"; };
		356463821C40A90700629E5E /* PlayerFishNode.h */ = {isa = PBXFileReference; fileEncoding = 4; lastKnownFileType = sourcecode.c.h; name = PlayerFishNode.h; path = eatfish/element/PlayerFishNode.h; sourceTree = "<group>"; };
		356463941C40AE4600629E5E /* libiconv.tbd */ = {isa = PBXFileReference; lastKnownFileType = "sourcecode.text-based-dylib-definition"; name = libiconv.tbd; path = Platforms/iPhoneOS.platform/Developer/SDKs/iPhoneOS9.1.sdk/usr/lib/libiconv.tbd; sourceTree = DEVELOPER_DIR; };
		3EACC98E19EE6D4300EB3C5E /* res */ = {isa = PBXFileReference; lastKnownFileType = folder; path = res; sourceTree = "<group>"; };
		46880B8419C43A87006E1F66 /* AppDelegate.cpp */ = {isa = PBXFileReference; fileEncoding = 4; lastKnownFileType = sourcecode.cpp.cpp; path = AppDelegate.cpp; sourceTree = "<group>"; };
		46880B8519C43A87006E1F66 /* AppDelegate.h */ = {isa = PBXFileReference; fileEncoding = 4; lastKnownFileType = sourcecode.c.h; path = AppDelegate.h; sourceTree = "<group>"; };
		503AE0F617EB97AB00D1A890 /* Icon.icns */ = {isa = PBXFileReference; lastKnownFileType = image.icns; path = Icon.icns; sourceTree = "<group>"; };
		503AE0F717EB97AB00D1A890 /* Info.plist */ = {isa = PBXFileReference; fileEncoding = 4; lastKnownFileType = text.plist.xml; path = Info.plist; sourceTree = "<group>"; };
		503AE0FA17EB989F00D1A890 /* AppController.h */ = {isa = PBXFileReference; fileEncoding = 4; lastKnownFileType = sourcecode.c.h; name = AppController.h; path = ios/AppController.h; sourceTree = SOURCE_ROOT; };
		503AE0FB17EB989F00D1A890 /* AppController.mm */ = {isa = PBXFileReference; fileEncoding = 4; lastKnownFileType = sourcecode.cpp.objcpp; name = AppController.mm; path = ios/AppController.mm; sourceTree = SOURCE_ROOT; };
		503AE0FC17EB989F00D1A890 /* main.m */ = {isa = PBXFileReference; fileEncoding = 4; lastKnownFileType = sourcecode.c.objc; name = main.m; path = ios/main.m; sourceTree = SOURCE_ROOT; };
		503AE0FD17EB989F00D1A890 /* Prefix.pch */ = {isa = PBXFileReference; fileEncoding = 4; lastKnownFileType = sourcecode.c.h; name = Prefix.pch; path = ios/Prefix.pch; sourceTree = SOURCE_ROOT; };
		503AE0FE17EB989F00D1A890 /* RootViewController.h */ = {isa = PBXFileReference; fileEncoding = 4; lastKnownFileType = sourcecode.c.h; name = RootViewController.h; path = ios/RootViewController.h; sourceTree = SOURCE_ROOT; };
		503AE0FF17EB989F00D1A890 /* RootViewController.mm */ = {isa = PBXFileReference; fileEncoding = 4; lastKnownFileType = sourcecode.cpp.objcpp; name = RootViewController.mm; path = ios/RootViewController.mm; sourceTree = SOURCE_ROOT; };
		503AE10317EB98FF00D1A890 /* main.cpp */ = {isa = PBXFileReference; fileEncoding = 4; lastKnownFileType = sourcecode.cpp.cpp; name = main.cpp; path = mac/main.cpp; sourceTree = "<group>"; };
		503AE10417EB98FF00D1A890 /* Prefix.pch */ = {isa = PBXFileReference; fileEncoding = 4; lastKnownFileType = sourcecode.c.h; name = Prefix.pch; path = mac/Prefix.pch; sourceTree = "<group>"; };
		503AE11117EB99EE00D1A890 /* libcurl.dylib */ = {isa = PBXFileReference; lastKnownFileType = "compiled.mach-o.dylib"; name = libcurl.dylib; path = usr/lib/libcurl.dylib; sourceTree = SDKROOT; };
		503AE11A17EB9C5A00D1A890 /* IOKit.framework */ = {isa = PBXFileReference; lastKnownFileType = wrapper.framework; name = IOKit.framework; path = System/Library/Frameworks/IOKit.framework; sourceTree = SDKROOT; };
		5087E76F17EB910900C73F5D /* OzgGameEatFish-desktop.app */ = {isa = PBXFileReference; explicitFileType = wrapper.application; includeInIndex = 0; path = "OzgGameEatFish-desktop.app"; sourceTree = BUILT_PRODUCTS_DIR; };
		5087E77217EB970100C73F5D /* Default-568h@2x.png */ = {isa = PBXFileReference; lastKnownFileType = image.png; path = "Default-568h@2x.png"; sourceTree = "<group>"; };
		5087E77317EB970100C73F5D /* Default.png */ = {isa = PBXFileReference; lastKnownFileType = image.png; path = Default.png; sourceTree = "<group>"; };
		5087E77417EB970100C73F5D /* Default@2x.png */ = {isa = PBXFileReference; lastKnownFileType = image.png; path = "Default@2x.png"; sourceTree = "<group>"; };
		5087E77517EB970100C73F5D /* Icon-114.png */ = {isa = PBXFileReference; lastKnownFileType = image.png; path = "Icon-114.png"; sourceTree = "<group>"; };
		5087E77617EB970100C73F5D /* Icon-120.png */ = {isa = PBXFileReference; lastKnownFileType = image.png; path = "Icon-120.png"; sourceTree = "<group>"; };
		5087E77717EB970100C73F5D /* Icon-144.png */ = {isa = PBXFileReference; lastKnownFileType = image.png; path = "Icon-144.png"; sourceTree = "<group>"; };
		5087E77817EB970100C73F5D /* Icon-152.png */ = {isa = PBXFileReference; lastKnownFileType = image.png; path = "Icon-152.png"; sourceTree = "<group>"; };
		5087E77917EB970100C73F5D /* Icon-57.png */ = {isa = PBXFileReference; lastKnownFileType = image.png; path = "Icon-57.png"; sourceTree = "<group>"; };
		5087E77A17EB970100C73F5D /* Icon-72.png */ = {isa = PBXFileReference; lastKnownFileType = image.png; path = "Icon-72.png"; sourceTree = "<group>"; };
		5087E77B17EB970100C73F5D /* Icon-76.png */ = {isa = PBXFileReference; lastKnownFileType = image.png; path = "Icon-76.png"; sourceTree = "<group>"; };
		5087E77C17EB970100C73F5D /* Info.plist */ = {isa = PBXFileReference; fileEncoding = 4; lastKnownFileType = text.plist.xml; path = Info.plist; sourceTree = "<group>"; };
		5087E78817EB974C00C73F5D /* AppKit.framework */ = {isa = PBXFileReference; lastKnownFileType = wrapper.framework; name = AppKit.framework; path = System/Library/Frameworks/AppKit.framework; sourceTree = SDKROOT; };
		5087E78A17EB975400C73F5D /* OpenGL.framework */ = {isa = PBXFileReference; lastKnownFileType = wrapper.framework; name = OpenGL.framework; path = System/Library/Frameworks/OpenGL.framework; sourceTree = SDKROOT; };
		50EF629217ECD46A001EB2F8 /* Icon-40.png */ = {isa = PBXFileReference; lastKnownFileType = image.png; path = "Icon-40.png"; sourceTree = "<group>"; };
		50EF629317ECD46A001EB2F8 /* Icon-58.png */ = {isa = PBXFileReference; lastKnownFileType = image.png; path = "Icon-58.png"; sourceTree = "<group>"; };
		50EF629417ECD46A001EB2F8 /* Icon-80.png */ = {isa = PBXFileReference; lastKnownFileType = image.png; path = "Icon-80.png"; sourceTree = "<group>"; };
		50EF629517ECD46A001EB2F8 /* Icon-100.png */ = {isa = PBXFileReference; lastKnownFileType = image.png; path = "Icon-100.png"; sourceTree = "<group>"; };
		50EF62A017ECD613001EB2F8 /* Icon-29.png */ = {isa = PBXFileReference; lastKnownFileType = image.png; path = "Icon-29.png"; sourceTree = "<group>"; };
		50EF62A117ECD613001EB2F8 /* Icon-50.png */ = {isa = PBXFileReference; lastKnownFileType = image.png; path = "Icon-50.png"; sourceTree = "<group>"; };
		521A8E6219F0C34300D177D7 /* Default-667h@2x.png */ = {isa = PBXFileReference; lastKnownFileType = image.png; path = "Default-667h@2x.png"; sourceTree = "<group>"; };
		521A8E6319F0C34300D177D7 /* Default-736h@3x.png */ = {isa = PBXFileReference; lastKnownFileType = image.png; path = "Default-736h@3x.png"; sourceTree = "<group>"; };
		521A8EA819F11F5000D177D7 /* fonts */ = {isa = PBXFileReference; lastKnownFileType = folder; path = fonts; sourceTree = "<group>"; };
		52B47A461A53D09B004E4C60 /* Security.framework */ = {isa = PBXFileReference; lastKnownFileType = wrapper.framework; name = Security.framework; path = Platforms/iPhoneOS.platform/Developer/SDKs/iPhoneOS8.1.sdk/System/Library/Frameworks/Security.framework; sourceTree = DEVELOPER_DIR; };
		8262943D1AAF051F00CB7CF7 /* Security.framework */ = {isa = PBXFileReference; lastKnownFileType = wrapper.framework; name = Security.framework; path = System/Library/Frameworks/Security.framework; sourceTree = SDKROOT; };
		BF170DB012928DE900B8313A /* OpenGLES.framework */ = {isa = PBXFileReference; lastKnownFileType = wrapper.framework; name = OpenGLES.framework; path = System/Library/Frameworks/OpenGLES.framework; sourceTree = SDKROOT; };
		BF170DB412928DE900B8313A /* libz.dylib */ = {isa = PBXFileReference; lastKnownFileType = "compiled.mach-o.dylib"; name = libz.dylib; path = usr/lib/libz.dylib; sourceTree = SDKROOT; };
		BF1C47EA1293683800B63C5D /* QuartzCore.framework */ = {isa = PBXFileReference; lastKnownFileType = wrapper.framework; name = QuartzCore.framework; path = System/Library/Frameworks/QuartzCore.framework; sourceTree = SDKROOT; };
		D44C620B132DFF330009C878 /* OpenAL.framework */ = {isa = PBXFileReference; lastKnownFileType = wrapper.framework; name = OpenAL.framework; path = System/Library/Frameworks/OpenAL.framework; sourceTree = SDKROOT; };
		D44C620D132DFF430009C878 /* AVFoundation.framework */ = {isa = PBXFileReference; lastKnownFileType = wrapper.framework; name = AVFoundation.framework; path = System/Library/Frameworks/AVFoundation.framework; sourceTree = SDKROOT; };
		D44C620F132DFF4E0009C878 /* AudioToolbox.framework */ = {isa = PBXFileReference; lastKnownFileType = wrapper.framework; name = AudioToolbox.framework; path = System/Library/Frameworks/AudioToolbox.framework; sourceTree = SDKROOT; };
		D6B0611A1803AB670077942B /* CoreMotion.framework */ = {isa = PBXFileReference; lastKnownFileType = wrapper.framework; name = CoreMotion.framework; path = Platforms/iPhoneOS.platform/Developer/SDKs/iPhoneOS7.0.sdk/System/Library/Frameworks/CoreMotion.framework; sourceTree = DEVELOPER_DIR; };
/* End PBXFileReference section */

/* Begin PBXFrameworksBuildPhase section */
		1D60588F0D05DD3D006BFB54 /* Frameworks */ = {
			isa = PBXFrameworksBuildPhase;
			buildActionMask = 2147483647;
			files = (
				356463951C40AE4600629E5E /* libiconv.tbd in Frameworks */,
				52B47A471A53D09C004E4C60 /* Security.framework in Frameworks */,
				1AC6FB30180E99EB004C840B /* libcocos2d iOS.a in Frameworks */,
				D6B0611B1803AB670077942B /* CoreMotion.framework in Frameworks */,
				1D60589F0D05DD5A006BFB54 /* Foundation.framework in Frameworks */,
				1DF5F4E00D08C38300B7A737 /* UIKit.framework in Frameworks */,
				288765A50DF7441C002DB57D /* CoreGraphics.framework in Frameworks */,
				BF171245129291EC00B8313A /* OpenGLES.framework in Frameworks */,
				BF1712471292920000B8313A /* libz.dylib in Frameworks */,
				BF1C47F01293687400B63C5D /* QuartzCore.framework in Frameworks */,
				D44C620C132DFF330009C878 /* OpenAL.framework in Frameworks */,
				D44C620E132DFF430009C878 /* AVFoundation.framework in Frameworks */,
				D44C6210132DFF4E0009C878 /* AudioToolbox.framework in Frameworks */,
			);
			runOnlyForDeploymentPostprocessing = 0;
		};
		5087E75C17EB910900C73F5D /* Frameworks */ = {
			isa = PBXFrameworksBuildPhase;
			buildActionMask = 2147483647;
			files = (
				352027CD1C40BE8000C7733D /* libiconv.tbd in Frameworks */,
				1AC6FB21180E996B004C840B /* libcocos2d Mac.a in Frameworks */,
				5087E76717EB910900C73F5D /* libz.dylib in Frameworks */,
				8262943E1AAF051F00CB7CF7 /* Security.framework in Frameworks */,
				503AE11B17EB9C5A00D1A890 /* IOKit.framework in Frameworks */,
				5087E78B17EB975400C73F5D /* OpenGL.framework in Frameworks */,
				5087E78917EB974C00C73F5D /* AppKit.framework in Frameworks */,
				5087E76317EB910900C73F5D /* Foundation.framework in Frameworks */,
				5087E76817EB910900C73F5D /* QuartzCore.framework in Frameworks */,
				5087E76917EB910900C73F5D /* OpenAL.framework in Frameworks */,
				5087E76A17EB910900C73F5D /* AVFoundation.framework in Frameworks */,
				5087E76B17EB910900C73F5D /* AudioToolbox.framework in Frameworks */,
			);
			runOnlyForDeploymentPostprocessing = 0;
		};
/* End PBXFrameworksBuildPhase section */

/* Begin PBXGroup section */
		080E96DDFE201D6D7F000001 /* ios */ = {
			isa = PBXGroup;
			children = (
				5087E77117EB970100C73F5D /* Icons */,
				503AE0FA17EB989F00D1A890 /* AppController.h */,
				503AE0FB17EB989F00D1A890 /* AppController.mm */,
				503AE0FC17EB989F00D1A890 /* main.m */,
				503AE0FD17EB989F00D1A890 /* Prefix.pch */,
				503AE0FE17EB989F00D1A890 /* RootViewController.h */,
				503AE0FF17EB989F00D1A890 /* RootViewController.mm */,
			);
			name = ios;
			path = Classes;
			sourceTree = "<group>";
		};
		19C28FACFE9D520D11CA2CBB /* Products */ = {
			isa = PBXGroup;
			children = (
				1D6058910D05DD3D006BFB54 /* OzgGameEatFish-mobile.app */,
				5087E76F17EB910900C73F5D /* OzgGameEatFish-desktop.app */,
			);
			name = Products;
			sourceTree = "<group>";
		};
		1AC6FAE6180E9839004C840B /* Products */ = {
			isa = PBXGroup;
			children = (
				1AC6FAF9180E9839004C840B /* libcocos2d Mac.a */,
				1AC6FB07180E9839004C840B /* libcocos2d iOS.a */,
			);
			name = Products;
			sourceTree = "<group>";
		};
		29B97314FDCFA39411CA2CEA /* CustomTemplate */ = {
			isa = PBXGroup;
			children = (
				46880B8319C43A87006E1F66 /* Classes */,
				46880B7519C43A67006E1F66 /* Resources */,
				1AC6FAE5180E9839004C840B /* cocos2d_libs.xcodeproj */,
				29B97323FDCFA39411CA2CEA /* Frameworks */,
				080E96DDFE201D6D7F000001 /* ios */,
				503AE10617EB990700D1A890 /* mac */,
				19C28FACFE9D520D11CA2CBB /* Products */,
			);
			name = CustomTemplate;
			sourceTree = "<group>";
		};
		29B97323FDCFA39411CA2CEA /* Frameworks */ = {
			isa = PBXGroup;
			children = (
				352027CC1C40BE8000C7733D /* libiconv.tbd */,
				356463941C40AE4600629E5E /* libiconv.tbd */,
				8262943D1AAF051F00CB7CF7 /* Security.framework */,
				52B47A461A53D09B004E4C60 /* Security.framework */,
				D6B0611A1803AB670077942B /* CoreMotion.framework */,
				503AE11A17EB9C5A00D1A890 /* IOKit.framework */,
				503AE11117EB99EE00D1A890 /* libcurl.dylib */,
				5087E78A17EB975400C73F5D /* OpenGL.framework */,
				5087E78817EB974C00C73F5D /* AppKit.framework */,
				1ACB3243164770DE00914215 /* libcurl.a */,
				BF170DB412928DE900B8313A /* libz.dylib */,
				D44C620F132DFF4E0009C878 /* AudioToolbox.framework */,
				D44C620D132DFF430009C878 /* AVFoundation.framework */,
				288765A40DF7441C002DB57D /* CoreGraphics.framework */,
				1D30AB110D05D00D00671497 /* Foundation.framework */,
				D44C620B132DFF330009C878 /* OpenAL.framework */,
				BF170DB012928DE900B8313A /* OpenGLES.framework */,
				BF1C47EA1293683800B63C5D /* QuartzCore.framework */,
				1DF5F4DF0D08C38300B7A737 /* UIKit.framework */,
			);
			name = Frameworks;
			sourceTree = "<group>";
		};
		356463551C40A86500629E5E /* ozgcc */ = {
			isa = PBXGroup;
			children = (
				356463571C40A89000629E5E /* Utility.cpp */,
				356463581C40A89000629E5E /* Utility.h */,
			);
			name = ozgcc;
			sourceTree = "<group>";
		};
		356463561C40A86F00629E5E /* eatfish */ = {
			isa = PBXGroup;
			children = (
				3564635D1C40A8DA00629E5E /* GameConfig.h */,
				3564635E1C40A8DA00629E5E /* Strings.cpp */,
				3564635F1C40A8DA00629E5E /* Strings.h */,
				3564635C1C40A8B300629E5E /* scene */,
				3564635B1C40A8A300629E5E /* element */,
			);
			name = eatfish;
			sourceTree = "<group>";
		};
		3564635B1C40A8A300629E5E /* element */ = {
			isa = PBXGroup;
			children = (
				356463721C40A90700629E5E /* AnimData.h */,
				356463731C40A90700629E5E /* BaseEnemyFishNode.cpp */,
				356463741C40A90700629E5E /* BaseEnemyFishNode.h */,
				356463751C40A90700629E5E /* BaseFishNode.cpp */,
				356463761C40A90700629E5E /* BaseFishNode.h */,
				356463771C40A90700629E5E /* BaseNode.cpp */,
				356463781C40A90700629E5E /* BaseNode.h */,
				356463791C40A90700629E5E /* DialogNode.cpp */,
				3564637A1C40A90700629E5E /* DialogNode.h */,
				3564637B1C40A90700629E5E /* EnemyFishNode.cpp */,
				3564637C1C40A90700629E5E /* EnemyFishNode.h */,
				3564637D1C40A90700629E5E /* ItemNode.cpp */,
				3564637E1C40A90700629E5E /* ItemNode.h */,
				3564637F1C40A90700629E5E /* JellyfishNode.cpp */,
				356463801C40A90700629E5E /* JellyfishNode.h */,
				356463811C40A90700629E5E /* PlayerFishNode.cpp */,
				356463821C40A90700629E5E /* PlayerFishNode.h */,
			);
			name = element;
			sourceTree = "<group>";
		};
		3564635C1C40A8B300629E5E /* scene */ = {
			isa = PBXGroup;
			children = (
				356463621C40A8F500629E5E /* BaseLayer.cpp */,
				356463631C40A8F500629E5E /* BaseLayer.h */,
				356463641C40A8F500629E5E /* GameLayer.cpp */,
				356463651C40A8F500629E5E /* GameLayer.h */,
				356463661C40A8F500629E5E /* InitLayer.cpp */,
				356463671C40A8F500629E5E /* InitLayer.h */,
				356463681C40A8F500629E5E /* StartLayer.cpp */,
				356463691C40A8F500629E5E /* StartLayer.h */,
			);
			name = scene;
			sourceTree = "<group>";
		};
		46880B7519C43A67006E1F66 /* Resources */ = {
			isa = PBXGroup;
			children = (
				356462E91C40A81900629E5E /* audios_bg.mp3 */,
				356462EA1C40A81900629E5E /* audios_btn.wav */,
				356462EB1C40A81900629E5E /* audios_complete.mp3 */,
				356462EC1C40A81900629E5E /* audios_eatfish1.mp3 */,
				356462ED1C40A81900629E5E /* audios_eatfish2.mp3 */,
				356462EE1C40A81900629E5E /* audios_eatgold.mp3 */,
				356462EF1C40A81900629E5E /* audios_fishstart.mp3 */,
				356462F01C40A81900629E5E /* audios_growth.mp3 */,
				356462F11C40A81900629E5E /* audios_jellyfish.mp3 */,
				356462F21C40A81900629E5E /* audios_playbyeat.mp3 */,
				356462F31C40A81900629E5E /* bg1.png */,
				356462F41C40A81900629E5E /* bg2.png */,
				356462F51C40A81900629E5E /* bg3.png */,
				356462F61C40A81900629E5E /* btn1_dw.png */,
				356462F71C40A81900629E5E /* btn1_up.png */,
				356462F81C40A81900629E5E /* btn2_dw.png */,
				356462F91C40A81900629E5E /* btn2_up.png */,
				356462FA1C40A81900629E5E /* cump.plist */,
				356462FB1C40A81900629E5E /* cump.png */,
				356462FC1C40A81900629E5E /* Default.png */,
				356462FD1C40A81900629E5E /* dialog_bg.png */,
				356462FE1C40A81900629E5E /* dialog_btn_no_1.png */,
				356462FF1C40A81900629E5E /* dialog_btn_no_2.png */,
				356463001C40A81900629E5E /* dialog_btn_yes_1.png */,
				356463011C40A81900629E5E /* dialog_btn_yes_2.png */,
				356463021C40A81900629E5E /* Fishall.plist */,
				356463031C40A81900629E5E /* Fishall.png */,
				356463041C40A81900629E5E /* Fishtales.plist */,
				356463051C40A81900629E5E /* Fishtales.png */,
				356463061C40A81900629E5E /* particle_sys_blister.plist */,
				356463071C40A81900629E5E /* particle_sys_flower.plist */,
				356463081C40A81900629E5E /* pause_dw.png */,
				356463091C40A81900629E5E /* pause_up.png */,
				3564630A1C40A81900629E5E /* progressk.png */,
				3564630B1C40A81900629E5E /* scene_start_title.png */,
				3564630C1C40A81900629E5E /* test-32.png */,
				521A8EA819F11F5000D177D7 /* fonts */,
				3EACC98E19EE6D4300EB3C5E /* res */,
			);
			name = Resources;
			path = ../Resources;
			sourceTree = "<group>";
		};
		46880B8319C43A87006E1F66 /* Classes */ = {
			isa = PBXGroup;
			children = (
				356463561C40A86F00629E5E /* eatfish */,
				356463551C40A86500629E5E /* ozgcc */,
				46880B8419C43A87006E1F66 /* AppDelegate.cpp */,
				46880B8519C43A87006E1F66 /* AppDelegate.h */,
			);
			name = Classes;
			path = ../Classes;
			sourceTree = "<group>";
		};
		503AE0F517EB97AB00D1A890 /* Icons */ = {
			isa = PBXGroup;
			children = (
				503AE0F617EB97AB00D1A890 /* Icon.icns */,
				503AE0F717EB97AB00D1A890 /* Info.plist */,
			);
			name = Icons;
			path = mac;
			sourceTree = SOURCE_ROOT;
		};
		503AE10617EB990700D1A890 /* mac */ = {
			isa = PBXGroup;
			children = (
				503AE0F517EB97AB00D1A890 /* Icons */,
				503AE10317EB98FF00D1A890 /* main.cpp */,
				503AE10417EB98FF00D1A890 /* Prefix.pch */,
			);
			name = mac;
			sourceTree = "<group>";
		};
		5087E77117EB970100C73F5D /* Icons */ = {
			isa = PBXGroup;
			children = (
				521A8E6219F0C34300D177D7 /* Default-667h@2x.png */,
				521A8E6319F0C34300D177D7 /* Default-736h@3x.png */,
				5087E77217EB970100C73F5D /* Default-568h@2x.png */,
				5087E77317EB970100C73F5D /* Default.png */,
				5087E77417EB970100C73F5D /* Default@2x.png */,
				50EF62A017ECD613001EB2F8 /* Icon-29.png */,
				50EF62A117ECD613001EB2F8 /* Icon-50.png */,
				50EF629217ECD46A001EB2F8 /* Icon-40.png */,
				50EF629317ECD46A001EB2F8 /* Icon-58.png */,
				50EF629417ECD46A001EB2F8 /* Icon-80.png */,
				50EF629517ECD46A001EB2F8 /* Icon-100.png */,
				5087E77517EB970100C73F5D /* Icon-114.png */,
				5087E77617EB970100C73F5D /* Icon-120.png */,
				5087E77717EB970100C73F5D /* Icon-144.png */,
				5087E77817EB970100C73F5D /* Icon-152.png */,
				5087E77917EB970100C73F5D /* Icon-57.png */,
				5087E77A17EB970100C73F5D /* Icon-72.png */,
				5087E77B17EB970100C73F5D /* Icon-76.png */,
				5087E77C17EB970100C73F5D /* Info.plist */,
			);
			name = Icons;
			path = ios;
			sourceTree = SOURCE_ROOT;
		};
/* End PBXGroup section */

/* Begin PBXNativeTarget section */
		1D6058900D05DD3D006BFB54 /* OzgGameEatFish-mobile */ = {
			isa = PBXNativeTarget;
			buildConfigurationList = 1D6058960D05DD3E006BFB54 /* Build configuration list for PBXNativeTarget "OzgGameEatFish-mobile" */;
			buildPhases = (
				1D60588D0D05DD3D006BFB54 /* Resources */,
				1D60588E0D05DD3D006BFB54 /* Sources */,
				1D60588F0D05DD3D006BFB54 /* Frameworks */,
			);
			buildRules = (
			);
			dependencies = (
				1AC6FB25180E99E1004C840B /* PBXTargetDependency */,
			);
			name = "OzgGameEatFish-mobile";
			productName = iphone;
			productReference = 1D6058910D05DD3D006BFB54 /* OzgGameEatFish-mobile.app */;
			productType = "com.apple.product-type.application";
		};
		5087E73D17EB910900C73F5D /* OzgGameEatFish-desktop */ = {
			isa = PBXNativeTarget;
			buildConfigurationList = 5087E76C17EB910900C73F5D /* Build configuration list for PBXNativeTarget "OzgGameEatFish-desktop" */;
			buildPhases = (
				5087E74817EB910900C73F5D /* Resources */,
				5087E75617EB910900C73F5D /* Sources */,
				5087E75C17EB910900C73F5D /* Frameworks */,
			);
			buildRules = (
			);
			dependencies = (
				1AC6FB16180E9959004C840B /* PBXTargetDependency */,
			);
			name = "OzgGameEatFish-desktop";
			productName = iphone;
			productReference = 5087E76F17EB910900C73F5D /* OzgGameEatFish-desktop.app */;
			productType = "com.apple.product-type.application";
		};
/* End PBXNativeTarget section */

/* Begin PBXProject section */
		29B97313FDCFA39411CA2CEA /* Project object */ = {
			isa = PBXProject;
			attributes = {
				LastUpgradeCheck = 0500;
				TargetAttributes = {
					1D6058900D05DD3D006BFB54 = {
						DevelopmentTeam = MDDB52YB8L;
					};
				};
			};
			buildConfigurationList = C01FCF4E08A954540054247B /* Build configuration list for PBXProject "OzgGameEatFish" */;
			compatibilityVersion = "Xcode 3.2";
			developmentRegion = English;
			hasScannedForEncodings = 1;
			knownRegions = (
				English,
				Japanese,
				French,
				German,
			);
			mainGroup = 29B97314FDCFA39411CA2CEA /* CustomTemplate */;
			projectDirPath = "";
			projectReferences = (
				{
					ProductGroup = 1AC6FAE6180E9839004C840B /* Products */;
					ProjectRef = 1AC6FAE5180E9839004C840B /* cocos2d_libs.xcodeproj */;
				},
			);
			projectRoot = "";
			targets = (
				1D6058900D05DD3D006BFB54 /* OzgGameEatFish-mobile */,
				5087E73D17EB910900C73F5D /* OzgGameEatFish-desktop */,
			);
		};
/* End PBXProject section */

/* Begin PBXReferenceProxy section */
		1AC6FAF9180E9839004C840B /* libcocos2d Mac.a */ = {
			isa = PBXReferenceProxy;
			fileType = archive.ar;
			path = "libcocos2d Mac.a";
			remoteRef = 1AC6FAF8180E9839004C840B /* PBXContainerItemProxy */;
			sourceTree = BUILT_PRODUCTS_DIR;
		};
		1AC6FB07180E9839004C840B /* libcocos2d iOS.a */ = {
			isa = PBXReferenceProxy;
			fileType = archive.ar;
			path = "libcocos2d iOS.a";
			remoteRef = 1AC6FB06180E9839004C840B /* PBXContainerItemProxy */;
			sourceTree = BUILT_PRODUCTS_DIR;
		};
/* End PBXReferenceProxy section */

/* Begin PBXResourcesBuildPhase section */
		1D60588D0D05DD3D006BFB54 /* Resources */ = {
			isa = PBXResourcesBuildPhase;
			buildActionMask = 2147483647;
			files = (
				3564634F1C40A81900629E5E /* progressk.png in Resources */,
				5087E78117EB970100C73F5D /* Icon-120.png in Resources */,
				3564632F1C40A81900629E5E /* cump.plist in Resources */,
				3564631F1C40A81900629E5E /* audios_playbyeat.mp3 in Resources */,
				356463251C40A81900629E5E /* bg3.png in Resources */,
				5087E78617EB970100C73F5D /* Icon-76.png in Resources */,
				356463311C40A81900629E5E /* cump.png in Resources */,
				356463391C40A81900629E5E /* dialog_btn_no_2.png in Resources */,
				356463511C40A81900629E5E /* scene_start_title.png in Resources */,
				356463191C40A81900629E5E /* audios_fishstart.mp3 in Resources */,
				5087E77F17EB970100C73F5D /* Default@2x.png in Resources */,
				356463531C40A81900629E5E /* test-32.png in Resources */,
				356463371C40A81900629E5E /* dialog_btn_no_1.png in Resources */,
				356463351C40A81900629E5E /* dialog_bg.png in Resources */,
				3564633B1C40A81900629E5E /* dialog_btn_yes_1.png in Resources */,
				3564634B1C40A81900629E5E /* pause_dw.png in Resources */,
				50EF629917ECD46A001EB2F8 /* Icon-100.png in Resources */,
				5087E78317EB970100C73F5D /* Icon-152.png in Resources */,
				356463131C40A81900629E5E /* audios_eatfish1.mp3 in Resources */,
				3564632B1C40A81900629E5E /* btn2_dw.png in Resources */,
				3564633D1C40A81900629E5E /* dialog_btn_yes_2.png in Resources */,
				5087E77D17EB970100C73F5D /* Default-568h@2x.png in Resources */,
				3564630D1C40A81900629E5E /* audios_bg.mp3 in Resources */,
				5087E78517EB970100C73F5D /* Icon-72.png in Resources */,
				521A8E6519F0C34300D177D7 /* Default-736h@3x.png in Resources */,
				356463451C40A81900629E5E /* Fishtales.png in Resources */,
				3564630F1C40A81900629E5E /* audios_btn.wav in Resources */,
				521A8EA919F11F5000D177D7 /* fonts in Resources */,
				356463211C40A81900629E5E /* bg1.png in Resources */,
				3564631D1C40A81900629E5E /* audios_jellyfish.mp3 in Resources */,
				356463151C40A81900629E5E /* audios_eatfish2.mp3 in Resources */,
				50EF62A317ECD613001EB2F8 /* Icon-50.png in Resources */,
				5087E78017EB970100C73F5D /* Icon-114.png in Resources */,
				356463291C40A81900629E5E /* btn1_up.png in Resources */,
				356463331C40A81900629E5E /* Default.png in Resources */,
				50EF62A217ECD613001EB2F8 /* Icon-29.png in Resources */,
				50EF629617ECD46A001EB2F8 /* Icon-40.png in Resources */,
				5087E78217EB970100C73F5D /* Icon-144.png in Resources */,
				356463431C40A81900629E5E /* Fishtales.plist in Resources */,
				3EACC98F19EE6D4300EB3C5E /* res in Resources */,
				50EF629817ECD46A001EB2F8 /* Icon-80.png in Resources */,
				5087E78417EB970100C73F5D /* Icon-57.png in Resources */,
				3564632D1C40A81900629E5E /* btn2_up.png in Resources */,
				356463411C40A81900629E5E /* Fishall.png in Resources */,
				5087E77E17EB970100C73F5D /* Default.png in Resources */,
				356463171C40A81900629E5E /* audios_eatgold.mp3 in Resources */,
				521A8E6419F0C34300D177D7 /* Default-667h@2x.png in Resources */,
				3564633F1C40A81900629E5E /* Fishall.plist in Resources */,
				3564634D1C40A81900629E5E /* pause_up.png in Resources */,
				50EF629717ECD46A001EB2F8 /* Icon-58.png in Resources */,
				3564631B1C40A81900629E5E /* audios_growth.mp3 in Resources */,
				356463271C40A81900629E5E /* btn1_dw.png in Resources */,
				356463111C40A81900629E5E /* audios_complete.mp3 in Resources */,
				356463471C40A81900629E5E /* particle_sys_blister.plist in Resources */,
				356463231C40A81900629E5E /* bg2.png in Resources */,
				356463491C40A81900629E5E /* particle_sys_flower.plist in Resources */,
			);
			runOnlyForDeploymentPostprocessing = 0;
		};
		5087E74817EB910900C73F5D /* Resources */ = {
			isa = PBXResourcesBuildPhase;
			buildActionMask = 2147483647;
			files = (
				3564632C1C40A81900629E5E /* btn2_dw.png in Resources */,
				356463441C40A81900629E5E /* Fishtales.plist in Resources */,
				356463541C40A81900629E5E /* test-32.png in Resources */,
				356463421C40A81900629E5E /* Fishall.png in Resources */,
				356463261C40A81900629E5E /* bg3.png in Resources */,
				503AE0F817EB97AB00D1A890 /* Icon.icns in Resources */,
				356463481C40A81900629E5E /* particle_sys_blister.plist in Resources */,
				356463461C40A81900629E5E /* Fishtales.png in Resources */,
				356463141C40A81900629E5E /* audios_eatfish1.mp3 in Resources */,
				356463181C40A81900629E5E /* audios_eatgold.mp3 in Resources */,
				356463201C40A81900629E5E /* audios_playbyeat.mp3 in Resources */,
				3564633C1C40A81900629E5E /* dialog_btn_yes_1.png in Resources */,
				3564634C1C40A81900629E5E /* pause_dw.png in Resources */,
				356463221C40A81900629E5E /* bg1.png in Resources */,
				3EACC99019EE6D4300EB3C5E /* res in Resources */,
				356463321C40A81900629E5E /* cump.png in Resources */,
				356463101C40A81900629E5E /* audios_btn.wav in Resources */,
				356463501C40A81900629E5E /* progressk.png in Resources */,
				3564630E1C40A81900629E5E /* audios_bg.mp3 in Resources */,
				356463301C40A81900629E5E /* cump.plist in Resources */,
				356463381C40A81900629E5E /* dialog_btn_no_1.png in Resources */,
				356463521C40A81900629E5E /* scene_start_title.png in Resources */,
				3564631A1C40A81900629E5E /* audios_fishstart.mp3 in Resources */,
				356463281C40A81900629E5E /* btn1_dw.png in Resources */,
				3564632A1C40A81900629E5E /* btn1_up.png in Resources */,
				356463161C40A81900629E5E /* audios_eatfish2.mp3 in Resources */,
				356463401C40A81900629E5E /* Fishall.plist in Resources */,
				521A8EAA19F11F5000D177D7 /* fonts in Resources */,
				3564632E1C40A81900629E5E /* btn2_up.png in Resources */,
				3564633E1C40A81900629E5E /* dialog_btn_yes_2.png in Resources */,
				356463341C40A81900629E5E /* Default.png in Resources */,
				356463361C40A81900629E5E /* dialog_bg.png in Resources */,
				356463121C40A81900629E5E /* audios_complete.mp3 in Resources */,
				3564631E1C40A81900629E5E /* audios_jellyfish.mp3 in Resources */,
				3564631C1C40A81900629E5E /* audios_growth.mp3 in Resources */,
				3564633A1C40A81900629E5E /* dialog_btn_no_2.png in Resources */,
				356463241C40A81900629E5E /* bg2.png in Resources */,
				3564634A1C40A81900629E5E /* particle_sys_flower.plist in Resources */,
				3564634E1C40A81900629E5E /* pause_up.png in Resources */,
			);
			runOnlyForDeploymentPostprocessing = 0;
		};
/* End PBXResourcesBuildPhase section */

/* Begin PBXSourcesBuildPhase section */
		1D60588E0D05DD3D006BFB54 /* Sources */ = {
			isa = PBXSourcesBuildPhase;
			buildActionMask = 2147483647;
			files = (
				356463851C40A90700629E5E /* BaseFishNode.cpp in Sources */,
				356463701C40A8F500629E5E /* StartLayer.cpp in Sources */,
				3564638F1C40A90700629E5E /* JellyfishNode.cpp in Sources */,
				3564638D1C40A90700629E5E /* ItemNode.cpp in Sources */,
				46880B8819C43A87006E1F66 /* AppDelegate.cpp in Sources */,
				503AE10017EB989F00D1A890 /* AppController.mm in Sources */,
				356463871C40A90700629E5E /* BaseNode.cpp in Sources */,
				3564636E1C40A8F500629E5E /* InitLayer.cpp in Sources */,
				356463601C40A8DA00629E5E /* Strings.cpp in Sources */,
				3564638B1C40A90700629E5E /* EnemyFishNode.cpp in Sources */,
				3564636A1C40A8F500629E5E /* BaseLayer.cpp in Sources */,
				356463831C40A90700629E5E /* BaseEnemyFishNode.cpp in Sources */,
				356463591C40A89000629E5E /* Utility.cpp in Sources */,
				3564636C1C40A8F500629E5E /* GameLayer.cpp in Sources */,
				503AE10217EB989F00D1A890 /* RootViewController.mm in Sources */,
				503AE10117EB989F00D1A890 /* main.m in Sources */,
				356463911C40A90700629E5E /* PlayerFishNode.cpp in Sources */,
				356463891C40A90700629E5E /* DialogNode.cpp in Sources */,
			);
			runOnlyForDeploymentPostprocessing = 0;
		};
		5087E75617EB910900C73F5D /* Sources */ = {
			isa = PBXSourcesBuildPhase;
			buildActionMask = 2147483647;
			files = (
				356463921C40A90700629E5E /* PlayerFishNode.cpp in Sources */,
				3564638E1C40A90700629E5E /* ItemNode.cpp in Sources */,
				356463881C40A90700629E5E /* BaseNode.cpp in Sources */,
				3564638A1C40A90700629E5E /* DialogNode.cpp in Sources */,
				356463841C40A90700629E5E /* BaseEnemyFishNode.cpp in Sources */,
				3564635A1C40A89000629E5E /* Utility.cpp in Sources */,
				3564638C1C40A90700629E5E /* EnemyFishNode.cpp in Sources */,
				46880B8919C43A87006E1F66 /* AppDelegate.cpp in Sources */,
				356463711C40A8F500629E5E /* StartLayer.cpp in Sources */,
				3564636B1C40A8F500629E5E /* BaseLayer.cpp in Sources */,
				356463611C40A8DA00629E5E /* Strings.cpp in Sources */,
				3564636F1C40A8F500629E5E /* InitLayer.cpp in Sources */,
				503AE10517EB98FF00D1A890 /* main.cpp in Sources */,
				356463861C40A90700629E5E /* BaseFishNode.cpp in Sources */,
				356463901C40A90700629E5E /* JellyfishNode.cpp in Sources */,
				3564636D1C40A8F500629E5E /* GameLayer.cpp in Sources */,
			);
			runOnlyForDeploymentPostprocessing = 0;
		};
/* End PBXSourcesBuildPhase section */

/* Begin PBXTargetDependency section */
		1AC6FB16180E9959004C840B /* PBXTargetDependency */ = {
			isa = PBXTargetDependency;
			name = "cocos2dx Mac";
			targetProxy = 1AC6FB15180E9959004C840B /* PBXContainerItemProxy */;
		};
		1AC6FB25180E99E1004C840B /* PBXTargetDependency */ = {
			isa = PBXTargetDependency;
			name = "cocos2dx iOS";
			targetProxy = 1AC6FB24180E99E1004C840B /* PBXContainerItemProxy */;
		};
/* End PBXTargetDependency section */

/* Begin XCBuildConfiguration section */
		1D6058940D05DD3E006BFB54 /* Debug */ = {
			isa = XCBuildConfiguration;
			buildSettings = {
				ALWAYS_SEARCH_USER_PATHS = YES;
				CODE_SIGN_IDENTITY = "iPhone Developer";
				COMPRESS_PNG_FILES = NO;
				GCC_DYNAMIC_NO_PIC = NO;
				GCC_INLINES_ARE_PRIVATE_EXTERN = NO;
				GCC_PRECOMPILE_PREFIX_HEADER = YES;
				GCC_PREFIX_HEADER = ios/Prefix.pch;
				GCC_PREPROCESSOR_DEFINITIONS = (
					USE_FILE32API,
					CC_TARGET_OS_IPHONE,
					"COCOS2D_DEBUG=1",
					"CC_ENABLE_CHIPMUNK_INTEGRATION=1",
				);
				GCC_SYMBOLS_PRIVATE_EXTERN = NO;
				HEADER_SEARCH_PATHS = (
					"$(inherited)",
					"$(SRCROOT)/../cocos2d/cocos/platform/ios",
					"$(SRCROOT)/../cocos2d/cocos/platform/ios/Simulation",
					"$(SRCROOT)/../Classes",
				);
				INFOPLIST_FILE = ios/Info.plist;
				IPHONEOS_DEPLOYMENT_TARGET = 5.0;
				LIBRARY_SEARCH_PATHS = "";
				OTHER_LDFLAGS = (
					"$(_COCOS_LIB_IOS_BEGIN)",
					"$(_COCOS_LIB_IOS_END)",
				);
				SDKROOT = iphoneos;
				TARGETED_DEVICE_FAMILY = "1,2";
				USER_HEADER_SEARCH_PATHS = "$(_COCOS_HEADER_IOS_BEGIN) $(_COCOS_HEADER_IOS_END)";
				VALID_ARCHS = "arm64 armv7";
			};
			name = Debug;
		};
		1D6058950D05DD3E006BFB54 /* Release */ = {
			isa = XCBuildConfiguration;
			buildSettings = {
				ALWAYS_SEARCH_USER_PATHS = YES;
				CODE_SIGN_IDENTITY = "iPhone Developer";
				COMPRESS_PNG_FILES = NO;
				GCC_INLINES_ARE_PRIVATE_EXTERN = NO;
				GCC_PRECOMPILE_PREFIX_HEADER = YES;
				GCC_PREFIX_HEADER = ios/Prefix.pch;
				GCC_PREPROCESSOR_DEFINITIONS = (
					USE_FILE32API,
					CC_TARGET_OS_IPHONE,
					"CC_ENABLE_CHIPMUNK_INTEGRATION=1",
				);
				GCC_SYMBOLS_PRIVATE_EXTERN = NO;
				HEADER_SEARCH_PATHS = (
					"$(inherited)",
					"$(SRCROOT)/../cocos2d/cocos/platform/ios",
					"$(SRCROOT)/../cocos2d/cocos/platform/ios/Simulation",
					"$(SRCROOT)/../Classes",
				);
				INFOPLIST_FILE = ios/Info.plist;
				IPHONEOS_DEPLOYMENT_TARGET = 5.0;
				LIBRARY_SEARCH_PATHS = "";
				OTHER_LDFLAGS = (
					"$(_COCOS_LIB_IOS_BEGIN)",
					"$(_COCOS_LIB_IOS_END)",
				);
				SDKROOT = iphoneos;
				TARGETED_DEVICE_FAMILY = "1,2";
				USER_HEADER_SEARCH_PATHS = "$(_COCOS_HEADER_IOS_BEGIN) $(_COCOS_HEADER_IOS_END)";
				VALID_ARCHS = "arm64 armv7";
			};
			name = Release;
		};
		5087E76D17EB910900C73F5D /* Debug */ = {
			isa = XCBuildConfiguration;
			buildSettings = {
				ALWAYS_SEARCH_USER_PATHS = YES;
				ARCHS = "$(ARCHS_STANDARD_64_BIT)";
				CLANG_CXX_LANGUAGE_STANDARD = "c++0x";
				CLANG_CXX_LIBRARY = "libc++";
				GCC_DYNAMIC_NO_PIC = NO;
				GCC_INLINES_ARE_PRIVATE_EXTERN = NO;
				GCC_PRECOMPILE_PREFIX_HEADER = YES;
				GCC_PREFIX_HEADER = mac/Prefix.pch;
				GCC_PREPROCESSOR_DEFINITIONS = (
					USE_FILE32API,
					CC_TARGET_OS_MAC,
					"COCOS2D_DEBUG=1",
					"CC_ENABLE_CHIPMUNK_INTEGRATION=1",
				);
				GCC_SYMBOLS_PRIVATE_EXTERN = NO;
				HEADER_SEARCH_PATHS = (
					"$(inherited)",
					"$(SRCROOT)/../cocos2d/cocos/platform/mac",
					"$(SRCROOT)/../cocos2d/external/glfw3/include/mac",
					"$(SRCROOT)/../Classes",
				);
				INFOPLIST_FILE = mac/Info.plist;
				LIBRARY_SEARCH_PATHS = "";
				OTHER_LDFLAGS = (
					"$(_COCOS_LIB_MAC_BEGIN)",
					"$(_COCOS_LIB_MAC_END)",
				);
				USER_HEADER_SEARCH_PATHS = "$(_COCOS_HEADER_MAC_BEGIN) $(_COCOS_HEADER_MAC_END)";
			};
			name = Debug;
		};
		5087E76E17EB910900C73F5D /* Release */ = {
			isa = XCBuildConfiguration;
			buildSettings = {
				ALWAYS_SEARCH_USER_PATHS = YES;
				ARCHS = "$(ARCHS_STANDARD_64_BIT)";
				CLANG_CXX_LANGUAGE_STANDARD = "c++0x";
				CLANG_CXX_LIBRARY = "libc++";
				GCC_INLINES_ARE_PRIVATE_EXTERN = NO;
				GCC_PRECOMPILE_PREFIX_HEADER = YES;
				GCC_PREFIX_HEADER = mac/Prefix.pch;
				GCC_PREPROCESSOR_DEFINITIONS = (
					USE_FILE32API,
					CC_TARGET_OS_MAC,
					"CC_ENABLE_CHIPMUNK_INTEGRATION=1",
				);
				GCC_SYMBOLS_PRIVATE_EXTERN = NO;
				HEADER_SEARCH_PATHS = (
					"$(inherited)",
					"$(SRCROOT)/../cocos2d/cocos/platform/mac",
					"$(SRCROOT)/../cocos2d/external/glfw3/include/mac",
					"$(SRCROOT)/../Classes",
				);
				INFOPLIST_FILE = mac/Info.plist;
				LIBRARY_SEARCH_PATHS = "";
				OTHER_LDFLAGS = (
					"$(_COCOS_LIB_MAC_BEGIN)",
					"$(_COCOS_LIB_MAC_END)",
				);
				USER_HEADER_SEARCH_PATHS = "$(_COCOS_HEADER_MAC_BEGIN) $(_COCOS_HEADER_MAC_END)";
			};
			name = Release;
		};
		C01FCF4F08A954540054247B /* Debug */ = {
			isa = XCBuildConfiguration;
			buildSettings = {
				CLANG_CXX_LANGUAGE_STANDARD = "c++0x";
				CLANG_CXX_LIBRARY = "libc++";
				COPY_PHASE_STRIP = NO;
				GCC_OPTIMIZATION_LEVEL = 0;
				GCC_WARN_ABOUT_RETURN_TYPE = YES;
				GCC_WARN_UNUSED_VARIABLE = YES;
				HEADER_SEARCH_PATHS = (
					"$(SRCROOT)/../cocos2d",
					"$(SRCROOT)/../cocos2d/cocos",
					"$(SRCROOT)/../cocos2d/cocos/base",
					"$(SRCROOT)/../cocos2d/cocos/physics",
					"$(SRCROOT)/../cocos2d/cocos/math",
					"$(SRCROOT)/../cocos2d/cocos/2d",
					"$(SRCROOT)/../cocos2d/cocos/ui",
					"$(SRCROOT)/../cocos2d/cocos/network",
					"$(SRCROOT)/../cocos2d/cocos/audio/include",
					"$(SRCROOT)/../cocos2d/cocos/editor-support",
					"$(SRCROOT)/../cocos2d/extensions",
					"$(SRCROOT)/../cocos2d/external",
					"$(SRCROOT)/../cocos2d/external/chipmunk/include/chipmunk",
				);
				MACOSX_DEPLOYMENT_TARGET = 10.7;
				ONLY_ACTIVE_ARCH = YES;
				PRODUCT_NAME = "$(TARGET_NAME)";
				SDKROOT = macosx;
			};
			name = Debug;
		};
		C01FCF5008A954540054247B /* Release */ = {
			isa = XCBuildConfiguration;
			buildSettings = {
				CLANG_CXX_LANGUAGE_STANDARD = "c++0x";
				CLANG_CXX_LIBRARY = "libc++";
				GCC_WARN_ABOUT_RETURN_TYPE = YES;
				GCC_WARN_UNUSED_VARIABLE = YES;
				HEADER_SEARCH_PATHS = (
					"$(SRCROOT)/../cocos2d",
					"$(SRCROOT)/../cocos2d/cocos",
					"$(SRCROOT)/../cocos2d/cocos/base",
					"$(SRCROOT)/../cocos2d/cocos/physics",
					"$(SRCROOT)/../cocos2d/cocos/math",
					"$(SRCROOT)/../cocos2d/cocos/2d",
					"$(SRCROOT)/../cocos2d/cocos/ui",
					"$(SRCROOT)/../cocos2d/cocos/network",
					"$(SRCROOT)/../cocos2d/cocos/audio/include",
					"$(SRCROOT)/../cocos2d/cocos/editor-support",
					"$(SRCROOT)/../cocos2d/extensions",
					"$(SRCROOT)/../cocos2d/external",
					"$(SRCROOT)/../cocos2d/external/chipmunk/include/chipmunk",
				);
				MACOSX_DEPLOYMENT_TARGET = 10.7;
				OTHER_CFLAGS = "-DNS_BLOCK_ASSERTIONS=1";
				PRODUCT_NAME = "$(TARGET_NAME)";
				SDKROOT = macosx;
				VALIDATE_PRODUCT = YES;
			};
			name = Release;
		};
/* End XCBuildConfiguration section */

/* Begin XCConfigurationList section */
		1D6058960D05DD3E006BFB54 /* Build configuration list for PBXNativeTarget "OzgGameEatFish-mobile" */ = {
			isa = XCConfigurationList;
			buildConfigurations = (
				1D6058940D05DD3E006BFB54 /* Debug */,
				1D6058950D05DD3E006BFB54 /* Release */,
			);
			defaultConfigurationIsVisible = 0;
			defaultConfigurationName = Debug;
		};
		5087E76C17EB910900C73F5D /* Build configuration list for PBXNativeTarget "OzgGameEatFish-desktop" */ = {
			isa = XCConfigurationList;
			buildConfigurations = (
				5087E76D17EB910900C73F5D /* Debug */,
				5087E76E17EB910900C73F5D /* Release */,
			);
			defaultConfigurationIsVisible = 0;
			defaultConfigurationName = Debug;
		};
		C01FCF4E08A954540054247B /* Build configuration list for PBXProject "OzgGameEatFish" */ = {
			isa = XCConfigurationList;
			buildConfigurations = (
				C01FCF4F08A954540054247B /* Debug */,
				C01FCF5008A954540054247B /* Release */,
			);
			defaultConfigurationIsVisible = 0;
			defaultConfigurationName = Debug;
		};
/* End XCConfigurationList section */
	};
	rootObject = 29B97313FDCFA39411CA2CEA /* Project object */;
}
