<?xml version="1.0" encoding="utf-8"?>
<Project ToolsVersion="4.0" xmlns="http://schemas.microsoft.com/developer/msbuild/2003">
  <ItemGroup>
    <Filter Include="win32">
      <UniqueIdentifier>{84a8ebd7-7cf0-47f6-b75e-d441df67da40}</UniqueIdentifier>
    </Filter>
    <Filter Include="Classes">
      <UniqueIdentifier>{bb6c862e-70e9-49d9-81b7-3829a6f50471}</UniqueIdentifier>
    </Filter>
    <Filter Include="resource">
      <UniqueIdentifier>{715254bc-d70b-4ec5-bf29-467dd3ace079}</UniqueIdentifier>
    </Filter>
    <Filter Include="Classes\eatfish">
      <UniqueIdentifier>{79ece17b-5aca-4e0b-904d-709d9e2edbb8}</UniqueIdentifier>
    </Filter>
    <Filter Include="Classes\eatfish\element">
      <UniqueIdentifier>{1e7d6dc5-3e49-4752-be44-c29db5536a57}</UniqueIdentifier>
    </Filter>
    <Filter Include="Classes\eatfish\scene">
      <UniqueIdentifier>{f7768791-392e-41d3-9f1e-4d0e3491155b}</UniqueIdentifier>
    </Filter>
  </ItemGroup>
  <ItemGroup>
    <ClCompile Include="main.cpp">
      <Filter>win32</Filter>
    </ClCompile>
    <ClCompile Include="..\Classes\AppDelegate.cpp">
      <Filter>Classes</Filter>
    </ClCompile>
    <ClCompile Include="..\Classes\eatfish\scene\BaseLayer.cpp">
      <Filter>Classes\eatfish\scene</Filter>
    </ClCompile>
    <ClCompile Include="..\Classes\eatfish\scene\GameLayer.cpp">
      <Filter>Classes\eatfish\scene</Filter>
    </ClCompile>
    <ClCompile Include="..\Classes\eatfish\scene\StartLayer.cpp">
      <Filter>Classes\eatfish\scene</Filter>
    </ClCompile>
    <ClCompile Include="..\Classes\eatfish\element\BaseFishNode.cpp">
      <Filter>Classes\eatfish\element</Filter>
    </ClCompile>
    <ClCompile Include="..\Classes\eatfish\element\EnemyFishNode.cpp">
      <Filter>Classes\eatfish\element</Filter>
    </ClCompile>
    <ClCompile Include="..\Classes\eatfish\element\JellyfishNode.cpp">
      <Filter>Classes\eatfish\element</Filter>
    </ClCompile>
    <ClCompile Include="..\Classes\eatfish\element\PlayerFishNode.cpp">
      <Filter>Classes\eatfish\element</Filter>
    </ClCompile>
    <ClCompile Include="..\Classes\eatfish\element\DialogNode.cpp">
      <Filter>Classes\eatfish\element</Filter>
    </ClCompile>
    <ClCompile Include="..\Classes\eatfish\element\BaseEnemyFishNode.cpp">
      <Filter>Classes\eatfish\element</Filter>
    </ClCompile>
  </ItemGroup>
  <ItemGroup>
    <ClInclude Include="main.h">
      <Filter>win32</Filter>
    </ClInclude>
    <ClInclude Include="..\Classes\AppDelegate.h">
      <Filter>Classes</Filter>
    </ClInclude>
    <ClInclude Include="..\Classes\eatfish\GameConfig.h">
      <Filter>Classes\eatfish</Filter>
    </ClInclude>
    <ClInclude Include="..\Classes\eatfish\Strings.h">
      <Filter>Classes\eatfish</Filter>
    </ClInclude>
    <ClInclude Include="..\Classes\eatfish\scene\BaseLayer.h">
      <Filter>Classes\eatfish\scene</Filter>
    </ClInclude>
    <ClInclude Include="..\Classes\eatfish\scene\GameLayer.h">
      <Filter>Classes\eatfish\scene</Filter>
    </ClInclude>
    <ClInclude Include="..\Classes\eatfish\scene\StartLayer.h">
      <Filter>Classes\eatfish\scene</Filter>
    </ClInclude>
    <ClInclude Include="..\Classes\eatfish\element\BaseFishNode.h">
      <Filter>Classes\eatfish\element</Filter>
    </ClInclude>
    <ClInclude Include="..\Classes\eatfish\element\EnemyFishNode.h">
      <Filter>Classes\eatfish\element</Filter>
    </ClInclude>
    <ClInclude Include="..\Classes\eatfish\element\JellyfishNode.h">
      <Filter>Classes\eatfish\element</Filter>
    </ClInclude>
    <ClInclude Include="..\Classes\eatfish\element\PlayerFishNode.h">
      <Filter>Classes\eatfish\element</Filter>
    </ClInclude>
    <ClInclude Include="..\Classes\eatfish\element\FishData.h">
      <Filter>Classes\eatfish\element</Filter>
    </ClInclude>
    <ClInclude Include="..\Classes\eatfish\element\DialogNode.h">
      <Filter>Classes\eatfish\element</Filter>
    </ClInclude>
    <ClInclude Include="..\Classes\eatfish\element\BaseEnemyFishNode.h">
      <Filter>Classes\eatfish\element</Filter>
    </ClInclude>
  </ItemGroup>
  <ItemGroup>
    <ResourceCompile Include="game.rc">
      <Filter>resource</Filter>
    </ResourceCompile>
  </ItemGroup>
</Project>