<?xml version="1.0" encoding="utf-8"?>
<Project ToolsVersion="4.0" xmlns="http://schemas.microsoft.com/developer/msbuild/2003">
  <ItemGroup>
    <Filter Include="win32">
      <UniqueIdentifier>{84a8ebd7-7cf0-47f6-b75e-d441df67da40}</UniqueIdentifier>
    </Filter>
    <Filter Include="resource">
      <UniqueIdentifier>{715254bc-d70b-4ec5-bf29-467dd3ace079}</UniqueIdentifier>
    </Filter>
    <Filter Include="src">
      <UniqueIdentifier>{bb6c862e-70e9-49d9-81b7-3829a6f50471}</UniqueIdentifier>
    </Filter>
    <Filter Include="src\eatfish">
      <UniqueIdentifier>{dd832045-1f60-4883-a1ae-4cfdb6e1633e}</UniqueIdentifier>
    </Filter>
    <Filter Include="src\eatfish\element">
      <UniqueIdentifier>{0c092871-4fcf-40c2-a425-692b5e854c0f}</UniqueIdentifier>
    </Filter>
    <Filter Include="src\eatfish\scene">
      <UniqueIdentifier>{13b1f22a-b1f7-4122-b5de-ac8435476d0c}</UniqueIdentifier>
    </Filter>
    <Filter Include="src\ozgcc">
      <UniqueIdentifier>{ac9dc287-0aef-4d40-963d-4a96bccd32ba}</UniqueIdentifier>
    </Filter>
  </ItemGroup>
  <ItemGroup>
    <ClCompile Include="main.cpp">
      <Filter>win32</Filter>
    </ClCompile>
    <ClCompile Include="..\Classes\AppDelegate.cpp">
      <Filter>src</Filter>
    </ClCompile>
    <ClCompile Include="..\Classes\eatfish\scene\BaseLayer.cpp">
      <Filter>src\eatfish\scene</Filter>
    </ClCompile>
    <ClCompile Include="..\Classes\eatfish\scene\GameLayer.cpp">
      <Filter>src\eatfish\scene</Filter>
    </ClCompile>
    <ClCompile Include="..\Classes\eatfish\scene\StartLayer.cpp">
      <Filter>src\eatfish\scene</Filter>
    </ClCompile>
    <ClCompile Include="..\Classes\eatfish\element\BaseEnemyFishNode.cpp">
      <Filter>src\eatfish\element</Filter>
    </ClCompile>
    <ClCompile Include="..\Classes\eatfish\element\BaseFishNode.cpp">
      <Filter>src\eatfish\element</Filter>
    </ClCompile>
    <ClCompile Include="..\Classes\eatfish\element\DialogNode.cpp">
      <Filter>src\eatfish\element</Filter>
    </ClCompile>
    <ClCompile Include="..\Classes\eatfish\element\EnemyFishNode.cpp">
      <Filter>src\eatfish\element</Filter>
    </ClCompile>
    <ClCompile Include="..\Classes\eatfish\element\JellyfishNode.cpp">
      <Filter>src\eatfish\element</Filter>
    </ClCompile>
    <ClCompile Include="..\Classes\eatfish\element\PlayerFishNode.cpp">
      <Filter>src\eatfish\element</Filter>
    </ClCompile>
    <ClCompile Include="..\Classes\eatfish\Strings.cpp">
      <Filter>src\eatfish</Filter>
    </ClCompile>
    <ClCompile Include="..\Classes\ozgcc\Utility.cpp">
      <Filter>src\ozgcc</Filter>
    </ClCompile>
  </ItemGroup>
  <ItemGroup>
    <ClInclude Include="main.h">
      <Filter>win32</Filter>
    </ClInclude>
    <ClInclude Include="..\Classes\AppDelegate.h">
      <Filter>src</Filter>
    </ClInclude>
    <ClInclude Include="..\Classes\eatfish\GameConfig.h">
      <Filter>src\eatfish</Filter>
    </ClInclude>
    <ClInclude Include="..\Classes\eatfish\Strings.h">
      <Filter>src\eatfish</Filter>
    </ClInclude>
    <ClInclude Include="..\Classes\eatfish\scene\BaseLayer.h">
      <Filter>src\eatfish\scene</Filter>
    </ClInclude>
    <ClInclude Include="..\Classes\eatfish\scene\GameLayer.h">
      <Filter>src\eatfish\scene</Filter>
    </ClInclude>
    <ClInclude Include="..\Classes\eatfish\scene\StartLayer.h">
      <Filter>src\eatfish\scene</Filter>
    </ClInclude>
    <ClInclude Include="..\Classes\eatfish\element\BaseEnemyFishNode.h">
      <Filter>src\eatfish\element</Filter>
    </ClInclude>
    <ClInclude Include="..\Classes\eatfish\element\BaseFishNode.h">
      <Filter>src\eatfish\element</Filter>
    </ClInclude>
    <ClInclude Include="..\Classes\eatfish\element\DialogNode.h">
      <Filter>src\eatfish\element</Filter>
    </ClInclude>
    <ClInclude Include="..\Classes\eatfish\element\EnemyFishNode.h">
      <Filter>src\eatfish\element</Filter>
    </ClInclude>
    <ClInclude Include="..\Classes\eatfish\element\FishData.h">
      <Filter>src\eatfish\element</Filter>
    </ClInclude>
    <ClInclude Include="..\Classes\eatfish\element\JellyfishNode.h">
      <Filter>src\eatfish\element</Filter>
    </ClInclude>
    <ClInclude Include="..\Classes\eatfish\element\PlayerFishNode.h">
      <Filter>src\eatfish\element</Filter>
    </ClInclude>
    <ClInclude Include="..\Classes\ozgcc\Utility.h">
      <Filter>src\ozgcc</Filter>
    </ClInclude>
  </ItemGroup>
  <ItemGroup>
    <ResourceCompile Include="game.rc">
      <Filter>resource</Filter>
    </ResourceCompile>
  </ItemGroup>
</Project>